// !$*UTF8*$!
{
	archiveVersion = 1;
	classes = {
	};
	objectVersion = 50;
	objects = {

/* Begin PBXBuildFile section */
		8827389027FEAF4800423E14 /* AppDelegate.swift in Sources */ = {isa = PBXBuildFile; fileRef = 8827388F27FEAF4800423E14 /* AppDelegate.swift */; };
		8827389227FEAF4800423E14 /* SceneDelegate.swift in Sources */ = {isa = PBXBuildFile; fileRef = 8827389127FEAF4800423E14 /* SceneDelegate.swift */; };
		8827389427FEAF4800423E14 /* OnboardingViewController.swift in Sources */ = {isa = PBXBuildFile; fileRef = 8827389327FEAF4800423E14 /* OnboardingViewController.swift */; };
		8827389727FEAF4800423E14 /* Main.storyboard in Resources */ = {isa = PBXBuildFile; fileRef = 8827389527FEAF4800423E14 /* Main.storyboard */; };
		8827389927FEAF4900423E14 /* Assets.xcassets in Resources */ = {isa = PBXBuildFile; fileRef = 8827389827FEAF4900423E14 /* Assets.xcassets */; };
		8827389C27FEAF4900423E14 /* LaunchScreen.storyboard in Resources */ = {isa = PBXBuildFile; fileRef = 8827389A27FEAF4900423E14 /* LaunchScreen.storyboard */; };
		8842ADB728007EB3009C7F3D /* WelcomeBackViewController.swift in Sources */ = {isa = PBXBuildFile; fileRef = 8842ADB628007EB3009C7F3D /* WelcomeBackViewController.swift */; };
		8842ADBA28007EC8009C7F3D /* CreateNewPasswordViewController.swift in Sources */ = {isa = PBXBuildFile; fileRef = 8842ADB928007EC8009C7F3D /* CreateNewPasswordViewController.swift */; };
		88560C1D280190D500094EB1 /* URLRequest+Extension.swift in Sources */ = {isa = PBXBuildFile; fileRef = 88560C1C280190D500094EB1 /* URLRequest+Extension.swift */; };
		88A17E2627FEEA1800CD1328 /* Login.storyboard in Resources */ = {isa = PBXBuildFile; fileRef = 88A17E2527FEEA1800CD1328 /* Login.storyboard */; };
		88A17E2D27FEEC1200CD1328 /* WelcomeViewController.swift in Sources */ = {isa = PBXBuildFile; fileRef = 88A17E2C27FEEC1200CD1328 /* WelcomeViewController.swift */; };
		88A17E3127FEF91E00CD1328 /* CustomButtons.swift in Sources */ = {isa = PBXBuildFile; fileRef = 88A17E3027FEF91E00CD1328 /* CustomButtons.swift */; };
		88C620BD28042963009DF70C /* PersonalDetailsViewController.swift in Sources */ = {isa = PBXBuildFile; fileRef = 88C620BC28042963009DF70C /* PersonalDetailsViewController.swift */; };
		8BEC30B22801869B00F7AD86 /* URL+Extension.swift in Sources */ = {isa = PBXBuildFile; fileRef = 8BEC30B12801869B00F7AD86 /* URL+Extension.swift */; };
		8BEC30B4280186BB00F7AD86 /* LoginRegisterNetworkManager.swift in Sources */ = {isa = PBXBuildFile; fileRef = 8BEC30B3280186BB00F7AD86 /* LoginRegisterNetworkManager.swift */; };
		8BEC30B6280186CF00F7AD86 /* LoginViewModel.swift in Sources */ = {isa = PBXBuildFile; fileRef = 8BEC30B5280186CF00F7AD86 /* LoginViewModel.swift */; };
		8BEC30B8280186E000F7AD86 /* RegisterViewModel.swift in Sources */ = {isa = PBXBuildFile; fileRef = 8BEC30B7280186E000F7AD86 /* RegisterViewModel.swift */; };
		BA4AC10627FEB74D00A2AD4C /* Settings.storyboard in Resources */ = {isa = PBXBuildFile; fileRef = BA4AC10527FEB74D00A2AD4C /* Settings.storyboard */; };
		BA4AC10927FEB8A600A2AD4C /* SettingViewController.swift in Sources */ = {isa = PBXBuildFile; fileRef = BA4AC10827FEB8A600A2AD4C /* SettingViewController.swift */; };
		BA657B452800483100A334B3 /* NewAccountViewController.swift in Sources */ = {isa = PBXBuildFile; fileRef = BA657B442800483100A334B3 /* NewAccountViewController.swift */; };
		BAB1B6482803CB050020F6CE /* OTPVerifyViewController.swift in Sources */ = {isa = PBXBuildFile; fileRef = BAB1B6472803CB050020F6CE /* OTPVerifyViewController.swift */; };
		BADB09C327FF49BA00FD5CD6 /* NewAccount.storyboard in Resources */ = {isa = PBXBuildFile; fileRef = BADB09C227FF49BA00FD5CD6 /* NewAccount.storyboard */; };
		F57499C72802A6D000695C3B /* AvenirLTStd-Roman.otf in Resources */ = {isa = PBXBuildFile; fileRef = F57499C42802A6D000695C3B /* AvenirLTStd-Roman.otf */; };
		F57499CB2803111500695C3B /* UIFont+Extention.swift in Sources */ = {isa = PBXBuildFile; fileRef = F57499CA2803111500695C3B /* UIFont+Extention.swift */; };
		F57499CD2803115600695C3B /* UIColor+Extention.swift in Sources */ = {isa = PBXBuildFile; fileRef = F57499CC2803115600695C3B /* UIColor+Extention.swift */; };
		F57499CF28033EE200695C3B /* Proxima-Nova-Sbold.otf in Resources */ = {isa = PBXBuildFile; fileRef = F57499CE28033EE200695C3B /* Proxima-Nova-Sbold.otf */; };
		F57499D12803EA5C00695C3B /* NSAttributedString+Extention.swift in Sources */ = {isa = PBXBuildFile; fileRef = F57499D02803EA5C00695C3B /* NSAttributedString+Extention.swift */; };
		F5C3166627FEBCDA00F30001 /* SearchStoryboard.storyboard in Resources */ = {isa = PBXBuildFile; fileRef = F5C3166527FEBCDA00F30001 /* SearchStoryboard.storyboard */; };
		F5C3166827FEBD4A00F30001 /* SearchViewController.swift in Sources */ = {isa = PBXBuildFile; fileRef = F5C3166727FEBD4A00F30001 /* SearchViewController.swift */; };
		F5C3166D27FFEE4400F30001 /* RegisterPart2.storyboard in Resources */ = {isa = PBXBuildFile; fileRef = F5C3166C27FFEE4400F30001 /* RegisterPart2.storyboard */; };
		F5C316702800067D00F30001 /* CustomLabels.swift in Sources */ = {isa = PBXBuildFile; fileRef = F5C3166F2800067D00F30001 /* CustomLabels.swift */; };
		F5C316722800069C00F30001 /* CustomTextFeilds.swift in Sources */ = {isa = PBXBuildFile; fileRef = F5C316712800069C00F30001 /* CustomTextFeilds.swift */; };
		F5C31674280006B100F30001 /* CustomViews.swift in Sources */ = {isa = PBXBuildFile; fileRef = F5C31673280006B100F30001 /* CustomViews.swift */; };
		F5C7ED2F28029FAE00134409 /* system_san_francisco_display_regular.ttf in Resources */ = {isa = PBXBuildFile; fileRef = F5C7ED2728029FAD00134409 /* system_san_francisco_display_regular.ttf */; };
		F5C7ED3028029FAE00134409 /* proxima_nova_x_bold.otf in Resources */ = {isa = PBXBuildFile; fileRef = F5C7ED2828029FAD00134409 /* proxima_nova_x_bold.otf */; };
		F5C7ED3128029FAE00134409 /* proximanovaextrabold.otf in Resources */ = {isa = PBXBuildFile; fileRef = F5C7ED2928029FAD00134409 /* proximanovaextrabold.otf */; };
		F5C7ED3228029FAE00134409 /* proxima_nova_medium.ttf in Resources */ = {isa = PBXBuildFile; fileRef = F5C7ED2A28029FAD00134409 /* proxima_nova_medium.ttf */; };
		F5C7ED3328029FAE00134409 /* proxima_nova_regular.otf in Resources */ = {isa = PBXBuildFile; fileRef = F5C7ED2B28029FAD00134409 /* proxima_nova_regular.otf */; };
		F5C7ED3428029FAE00134409 /* proxima_nova_bold.ttf in Resources */ = {isa = PBXBuildFile; fileRef = F5C7ED2C28029FAE00134409 /* proxima_nova_bold.ttf */; };
		F5C7ED3528029FAE00134409 /* biko_bold.otf in Resources */ = {isa = PBXBuildFile; fileRef = F5C7ED2D28029FAE00134409 /* biko_bold.otf */; };
/* End PBXBuildFile section */

/* Begin PBXFileReference section */
		8827388C27FEAF4800423E14 /* VirtualLearnApp.app */ = {isa = PBXFileReference; explicitFileType = wrapper.application; includeInIndex = 0; path = VirtualLearnApp.app; sourceTree = BUILT_PRODUCTS_DIR; };
		8827388F27FEAF4800423E14 /* AppDelegate.swift */ = {isa = PBXFileReference; lastKnownFileType = sourcecode.swift; path = AppDelegate.swift; sourceTree = "<group>"; };
		8827389127FEAF4800423E14 /* SceneDelegate.swift */ = {isa = PBXFileReference; lastKnownFileType = sourcecode.swift; path = SceneDelegate.swift; sourceTree = "<group>"; };
		8827389327FEAF4800423E14 /* OnboardingViewController.swift */ = {isa = PBXFileReference; lastKnownFileType = sourcecode.swift; path = OnboardingViewController.swift; sourceTree = "<group>"; };
		8827389627FEAF4800423E14 /* Base */ = {isa = PBXFileReference; lastKnownFileType = file.storyboard; name = Base; path = Base.lproj/Main.storyboard; sourceTree = "<group>"; };
		8827389827FEAF4900423E14 /* Assets.xcassets */ = {isa = PBXFileReference; lastKnownFileType = folder.assetcatalog; path = Assets.xcassets; sourceTree = "<group>"; };
		8827389B27FEAF4900423E14 /* Base */ = {isa = PBXFileReference; lastKnownFileType = file.storyboard; name = Base; path = Base.lproj/LaunchScreen.storyboard; sourceTree = "<group>"; };
		8827389D27FEAF4900423E14 /* Info.plist */ = {isa = PBXFileReference; lastKnownFileType = text.plist.xml; path = Info.plist; sourceTree = "<group>"; };
		8842ADB628007EB3009C7F3D /* WelcomeBackViewController.swift */ = {isa = PBXFileReference; lastKnownFileType = sourcecode.swift; path = WelcomeBackViewController.swift; sourceTree = "<group>"; };
		8842ADB928007EC8009C7F3D /* CreateNewPasswordViewController.swift */ = {isa = PBXFileReference; lastKnownFileType = sourcecode.swift; path = CreateNewPasswordViewController.swift; sourceTree = "<group>"; };
		88560C1C280190D500094EB1 /* URLRequest+Extension.swift */ = {isa = PBXFileReference; lastKnownFileType = sourcecode.swift; path = "URLRequest+Extension.swift"; sourceTree = "<group>"; };
		88A17E2527FEEA1800CD1328 /* Login.storyboard */ = {isa = PBXFileReference; lastKnownFileType = file.storyboard; path = Login.storyboard; sourceTree = "<group>"; };
		88A17E2C27FEEC1200CD1328 /* WelcomeViewController.swift */ = {isa = PBXFileReference; lastKnownFileType = sourcecode.swift; path = WelcomeViewController.swift; sourceTree = "<group>"; };
		88A17E3027FEF91E00CD1328 /* CustomButtons.swift */ = {isa = PBXFileReference; lastKnownFileType = sourcecode.swift; path = CustomButtons.swift; sourceTree = "<group>"; };
		88C620BC28042963009DF70C /* PersonalDetailsViewController.swift */ = {isa = PBXFileReference; lastKnownFileType = sourcecode.swift; path = PersonalDetailsViewController.swift; sourceTree = "<group>"; };
		8BEC30B12801869B00F7AD86 /* URL+Extension.swift */ = {isa = PBXFileReference; lastKnownFileType = sourcecode.swift; path = "URL+Extension.swift"; sourceTree = "<group>"; };
		8BEC30B3280186BB00F7AD86 /* LoginRegisterNetworkManager.swift */ = {isa = PBXFileReference; lastKnownFileType = sourcecode.swift; path = LoginRegisterNetworkManager.swift; sourceTree = "<group>"; };
		8BEC30B5280186CF00F7AD86 /* LoginViewModel.swift */ = {isa = PBXFileReference; lastKnownFileType = sourcecode.swift; path = LoginViewModel.swift; sourceTree = "<group>"; };
		8BEC30B7280186E000F7AD86 /* RegisterViewModel.swift */ = {isa = PBXFileReference; lastKnownFileType = sourcecode.swift; path = RegisterViewModel.swift; sourceTree = "<group>"; };
		BA4AC10527FEB74D00A2AD4C /* Settings.storyboard */ = {isa = PBXFileReference; lastKnownFileType = file.storyboard; path = Settings.storyboard; sourceTree = "<group>"; };
		BA4AC10827FEB8A600A2AD4C /* SettingViewController.swift */ = {isa = PBXFileReference; lastKnownFileType = sourcecode.swift; path = SettingViewController.swift; sourceTree = "<group>"; };
		BA657B442800483100A334B3 /* NewAccountViewController.swift */ = {isa = PBXFileReference; lastKnownFileType = sourcecode.swift; path = NewAccountViewController.swift; sourceTree = "<group>"; };
		BAB1B6472803CB050020F6CE /* OTPVerifyViewController.swift */ = {isa = PBXFileReference; lastKnownFileType = sourcecode.swift; path = OTPVerifyViewController.swift; sourceTree = "<group>"; };
		BADB09C227FF49BA00FD5CD6 /* NewAccount.storyboard */ = {isa = PBXFileReference; lastKnownFileType = file.storyboard; path = NewAccount.storyboard; sourceTree = "<group>"; };
		F57499C42802A6D000695C3B /* AvenirLTStd-Roman.otf */ = {isa = PBXFileReference; lastKnownFileType = file; path = "AvenirLTStd-Roman.otf"; sourceTree = "<group>"; };
		F57499CA2803111500695C3B /* UIFont+Extention.swift */ = {isa = PBXFileReference; lastKnownFileType = sourcecode.swift; path = "UIFont+Extention.swift"; sourceTree = "<group>"; };
		F57499CC2803115600695C3B /* UIColor+Extention.swift */ = {isa = PBXFileReference; lastKnownFileType = sourcecode.swift; path = "UIColor+Extention.swift"; sourceTree = "<group>"; };
		F57499CE28033EE200695C3B /* Proxima-Nova-Sbold.otf */ = {isa = PBXFileReference; lastKnownFileType = file; path = "Proxima-Nova-Sbold.otf"; sourceTree = "<group>"; };
		F57499D02803EA5C00695C3B /* NSAttributedString+Extention.swift */ = {isa = PBXFileReference; lastKnownFileType = sourcecode.swift; path = "NSAttributedString+Extention.swift"; sourceTree = "<group>"; };
		F5C3166527FEBCDA00F30001 /* SearchStoryboard.storyboard */ = {isa = PBXFileReference; lastKnownFileType = file.storyboard; path = SearchStoryboard.storyboard; sourceTree = "<group>"; };
		F5C3166727FEBD4A00F30001 /* SearchViewController.swift */ = {isa = PBXFileReference; lastKnownFileType = sourcecode.swift; path = SearchViewController.swift; sourceTree = "<group>"; };
		F5C3166C27FFEE4400F30001 /* RegisterPart2.storyboard */ = {isa = PBXFileReference; lastKnownFileType = file.storyboard; path = RegisterPart2.storyboard; sourceTree = "<group>"; };
		F5C3166F2800067D00F30001 /* CustomLabels.swift */ = {isa = PBXFileReference; lastKnownFileType = sourcecode.swift; path = CustomLabels.swift; sourceTree = "<group>"; };
		F5C316712800069C00F30001 /* CustomTextFeilds.swift */ = {isa = PBXFileReference; lastKnownFileType = sourcecode.swift; path = CustomTextFeilds.swift; sourceTree = "<group>"; };
		F5C31673280006B100F30001 /* CustomViews.swift */ = {isa = PBXFileReference; lastKnownFileType = sourcecode.swift; path = CustomViews.swift; sourceTree = "<group>"; };
		F5C7ED2728029FAD00134409 /* system_san_francisco_display_regular.ttf */ = {isa = PBXFileReference; lastKnownFileType = file; path = system_san_francisco_display_regular.ttf; sourceTree = "<group>"; };
		F5C7ED2828029FAD00134409 /* proxima_nova_x_bold.otf */ = {isa = PBXFileReference; lastKnownFileType = file; path = proxima_nova_x_bold.otf; sourceTree = "<group>"; };
		F5C7ED2928029FAD00134409 /* proximanovaextrabold.otf */ = {isa = PBXFileReference; lastKnownFileType = file; path = proximanovaextrabold.otf; sourceTree = "<group>"; };
		F5C7ED2A28029FAD00134409 /* proxima_nova_medium.ttf */ = {isa = PBXFileReference; lastKnownFileType = file; path = proxima_nova_medium.ttf; sourceTree = "<group>"; };
		F5C7ED2B28029FAD00134409 /* proxima_nova_regular.otf */ = {isa = PBXFileReference; lastKnownFileType = file; path = proxima_nova_regular.otf; sourceTree = "<group>"; };
		F5C7ED2C28029FAE00134409 /* proxima_nova_bold.ttf */ = {isa = PBXFileReference; lastKnownFileType = file; path = proxima_nova_bold.ttf; sourceTree = "<group>"; };
		F5C7ED2D28029FAE00134409 /* biko_bold.otf */ = {isa = PBXFileReference; lastKnownFileType = file; path = biko_bold.otf; sourceTree = "<group>"; };
/* End PBXFileReference section */

/* Begin PBXFrameworksBuildPhase section */
		8827388927FEAF4800423E14 /* Frameworks */ = {
			isa = PBXFrameworksBuildPhase;
			buildActionMask = 2147483647;
			files = (
			);
			runOnlyForDeploymentPostprocessing = 0;
		};
/* End PBXFrameworksBuildPhase section */

/* Begin PBXGroup section */
		8827388327FEAF4800423E14 = {
			isa = PBXGroup;
			children = (
				8827388E27FEAF4800423E14 /* VirtualLearnApp */,
				8827388D27FEAF4800423E14 /* Products */,
			);
			sourceTree = "<group>";
		};
		8827388D27FEAF4800423E14 /* Products */ = {
			isa = PBXGroup;
			children = (
				8827388C27FEAF4800423E14 /* VirtualLearnApp.app */,
			);
			name = Products;
			sourceTree = "<group>";
		};
		8827388E27FEAF4800423E14 /* VirtualLearnApp */ = {
			isa = PBXGroup;
			children = (
				F57499C9280310ED00695C3B /* Extentions */,
				F5C7ED2528029F9100134409 /* Fonts */,
				8BEC30B02801867300F7AD86 /* Api */,
				8827388F27FEAF4800423E14 /* AppDelegate.swift */,
				8827389127FEAF4800423E14 /* SceneDelegate.swift */,
				8827389327FEAF4800423E14 /* OnboardingViewController.swift */,
				8827389527FEAF4800423E14 /* Main.storyboard */,
				8827389827FEAF4900423E14 /* Assets.xcassets */,
				BA4AC10827FEB8A600A2AD4C /* SettingViewController.swift */,
				88A17E2527FEEA1800CD1328 /* Login.storyboard */,
				88A17E2C27FEEC1200CD1328 /* WelcomeViewController.swift */,
				8842ADB628007EB3009C7F3D /* WelcomeBackViewController.swift */,
				8842ADB928007EC8009C7F3D /* CreateNewPasswordViewController.swift */,
				BA4AC10527FEB74D00A2AD4C /* Settings.storyboard */,
				8827389A27FEAF4900423E14 /* LaunchScreen.storyboard */,
				8827389D27FEAF4900423E14 /* Info.plist */,
				F5C3166B27FF268F00F30001 /* Unfinished */,
				F5C3166C27FFEE4400F30001 /* RegisterPart2.storyboard */,
				88C620BC28042963009DF70C /* PersonalDetailsViewController.swift */,
				F5C3166E2800064700F30001 /* CustomClasses */,
				BADB09C227FF49BA00FD5CD6 /* NewAccount.storyboard */,
				BA657B442800483100A334B3 /* NewAccountViewController.swift */,
				BAB1B6472803CB050020F6CE /* OTPVerifyViewController.swift */,
			);
			path = VirtualLearnApp;
			sourceTree = "<group>";
		};
		8BEC30B02801867300F7AD86 /* Api */ = {
			isa = PBXGroup;
			children = (
				8BEC30B12801869B00F7AD86 /* URL+Extension.swift */,
				88560C1C280190D500094EB1 /* URLRequest+Extension.swift */,
				8BEC30B3280186BB00F7AD86 /* LoginRegisterNetworkManager.swift */,
				8BEC30B7280186E000F7AD86 /* RegisterViewModel.swift */,
				8BEC30B5280186CF00F7AD86 /* LoginViewModel.swift */,
			);
			path = Api;
			sourceTree = "<group>";
		};
		F57499C9280310ED00695C3B /* Extentions */ = {
			isa = PBXGroup;
			children = (
				F57499CA2803111500695C3B /* UIFont+Extention.swift */,
				F57499CC2803115600695C3B /* UIColor+Extention.swift */,
				F57499D02803EA5C00695C3B /* NSAttributedString+Extention.swift */,
			);
			path = Extentions;
			sourceTree = "<group>";
		};
		F5C3166B27FF268F00F30001 /* Unfinished */ = {
			isa = PBXGroup;
			children = (
				F5C3166727FEBD4A00F30001 /* SearchViewController.swift */,
				F5C3166527FEBCDA00F30001 /* SearchStoryboard.storyboard */,
			);
			path = Unfinished;
			sourceTree = "<group>";
		};
		F5C3166E2800064700F30001 /* CustomClasses */ = {
			isa = PBXGroup;
			children = (
				F5C3166F2800067D00F30001 /* CustomLabels.swift */,
				F5C316712800069C00F30001 /* CustomTextFeilds.swift */,
				F5C31673280006B100F30001 /* CustomViews.swift */,
				88A17E3027FEF91E00CD1328 /* CustomButtons.swift */,
			);
			path = CustomClasses;
			sourceTree = "<group>";
		};
		F5C7ED2528029F9100134409 /* Fonts */ = {
			isa = PBXGroup;
			children = (
				F5C7ED2D28029FAE00134409 /* biko_bold.otf */,
				F5C7ED2C28029FAE00134409 /* proxima_nova_bold.ttf */,
				F5C7ED2A28029FAD00134409 /* proxima_nova_medium.ttf */,
				F57499CE28033EE200695C3B /* Proxima-Nova-Sbold.otf */,
				F5C7ED2B28029FAD00134409 /* proxima_nova_regular.otf */,
				F5C7ED2828029FAD00134409 /* proxima_nova_x_bold.otf */,
				F5C7ED2928029FAD00134409 /* proximanovaextrabold.otf */,
				F5C7ED2728029FAD00134409 /* system_san_francisco_display_regular.ttf */,
				F57499C42802A6D000695C3B /* AvenirLTStd-Roman.otf */,
			);
			path = Fonts;
			sourceTree = "<group>";
		};
/* End PBXGroup section */

/* Begin PBXNativeTarget section */
		8827388B27FEAF4800423E14 /* VirtualLearnApp */ = {
			isa = PBXNativeTarget;
			buildConfigurationList = 882738A027FEAF4900423E14 /* Build configuration list for PBXNativeTarget "VirtualLearnApp" */;
			buildPhases = (
				8827388827FEAF4800423E14 /* Sources */,
				8827388927FEAF4800423E14 /* Frameworks */,
				8827388A27FEAF4800423E14 /* Resources */,
			);
			buildRules = (
			);
			dependencies = (
			);
			name = VirtualLearnApp;
			productName = VirtualLearnApp;
			productReference = 8827388C27FEAF4800423E14 /* VirtualLearnApp.app */;
			productType = "com.apple.product-type.application";
		};
/* End PBXNativeTarget section */

/* Begin PBXProject section */
		8827388427FEAF4800423E14 /* Project object */ = {
			isa = PBXProject;
			attributes = {
				LastSwiftUpdateCheck = 1200;
				LastUpgradeCheck = 1200;
				TargetAttributes = {
					8827388B27FEAF4800423E14 = {
						CreatedOnToolsVersion = 12.0;
					};
				};
			};
			buildConfigurationList = 8827388727FEAF4800423E14 /* Build configuration list for PBXProject "VirtualLearnApp" */;
			compatibilityVersion = "Xcode 9.3";
			developmentRegion = en;
			hasScannedForEncodings = 0;
			knownRegions = (
				en,
				Base,
			);
			mainGroup = 8827388327FEAF4800423E14;
			productRefGroup = 8827388D27FEAF4800423E14 /* Products */;
			projectDirPath = "";
			projectRoot = "";
			targets = (
				8827388B27FEAF4800423E14 /* VirtualLearnApp */,
			);
		};
/* End PBXProject section */

/* Begin PBXResourcesBuildPhase section */
		8827388A27FEAF4800423E14 /* Resources */ = {
			isa = PBXResourcesBuildPhase;
			buildActionMask = 2147483647;
			files = (
				F57499CF28033EE200695C3B /* Proxima-Nova-Sbold.otf in Resources */,
				8827389C27FEAF4900423E14 /* LaunchScreen.storyboard in Resources */,
				F5C7ED3328029FAE00134409 /* proxima_nova_regular.otf in Resources */,
				F57499C72802A6D000695C3B /* AvenirLTStd-Roman.otf in Resources */,
				F5C7ED2F28029FAE00134409 /* system_san_francisco_display_regular.ttf in Resources */,
				F5C7ED3028029FAE00134409 /* proxima_nova_x_bold.otf in Resources */,
				BADB09C327FF49BA00FD5CD6 /* NewAccount.storyboard in Resources */,
				F5C7ED3128029FAE00134409 /* proximanovaextrabold.otf in Resources */,
				F5C3166627FEBCDA00F30001 /* SearchStoryboard.storyboard in Resources */,
				88A17E2627FEEA1800CD1328 /* Login.storyboard in Resources */,
				F5C7ED3528029FAE00134409 /* biko_bold.otf in Resources */,
				F5C7ED3228029FAE00134409 /* proxima_nova_medium.ttf in Resources */,
				8827389927FEAF4900423E14 /* Assets.xcassets in Resources */,
				F5C7ED3428029FAE00134409 /* proxima_nova_bold.ttf in Resources */,
				F5C3166D27FFEE4400F30001 /* RegisterPart2.storyboard in Resources */,
				8827389727FEAF4800423E14 /* Main.storyboard in Resources */,
				BA4AC10627FEB74D00A2AD4C /* Settings.storyboard in Resources */,
			);
			runOnlyForDeploymentPostprocessing = 0;
		};
/* End PBXResourcesBuildPhase section */

/* Begin PBXSourcesBuildPhase section */
		8827388827FEAF4800423E14 /* Sources */ = {
			isa = PBXSourcesBuildPhase;
			buildActionMask = 2147483647;
			files = (
				88A17E2D27FEEC1200CD1328 /* WelcomeViewController.swift in Sources */,
				F5C3166827FEBD4A00F30001 /* SearchViewController.swift in Sources */,
				8BEC30B8280186E000F7AD86 /* RegisterViewModel.swift in Sources */,
				8BEC30B6280186CF00F7AD86 /* LoginViewModel.swift in Sources */,
				8842ADB728007EB3009C7F3D /* WelcomeBackViewController.swift in Sources */,
				88A17E3127FEF91E00CD1328 /* CustomButtons.swift in Sources */,
				F57499CB2803111500695C3B /* UIFont+Extention.swift in Sources */,
				BAB1B6482803CB050020F6CE /* OTPVerifyViewController.swift in Sources */,
				8842ADBA28007EC8009C7F3D /* CreateNewPasswordViewController.swift in Sources */,
				88560C1D280190D500094EB1 /* URLRequest+Extension.swift in Sources */,
				8BEC30B22801869B00F7AD86 /* URL+Extension.swift in Sources */,
				8BEC30B4280186BB00F7AD86 /* LoginRegisterNetworkManager.swift in Sources */,
				F5C316702800067D00F30001 /* CustomLabels.swift in Sources */,
				F57499CD2803115600695C3B /* UIColor+Extention.swift in Sources */,
				8827389427FEAF4800423E14 /* OnboardingViewController.swift in Sources */,
				BA657B452800483100A334B3 /* NewAccountViewController.swift in Sources */,
				F5C31674280006B100F30001 /* CustomViews.swift in Sources */,
				88C620BD28042963009DF70C /* PersonalDetailsViewController.swift in Sources */,
				8827389027FEAF4800423E14 /* AppDelegate.swift in Sources */,
				8827389227FEAF4800423E14 /* SceneDelegate.swift in Sources */,
				F57499D12803EA5C00695C3B /* NSAttributedString+Extention.swift in Sources */,
				F5C316722800069C00F30001 /* CustomTextFeilds.swift in Sources */,
				BA4AC10927FEB8A600A2AD4C /* SettingViewController.swift in Sources */,
			);
			runOnlyForDeploymentPostprocessing = 0;
		};
/* End PBXSourcesBuildPhase section */

/* Begin PBXVariantGroup section */
		8827389527FEAF4800423E14 /* Main.storyboard */ = {
			isa = PBXVariantGroup;
			children = (
				8827389627FEAF4800423E14 /* Base */,
			);
			name = Main.storyboard;
			sourceTree = "<group>";
		};
		8827389A27FEAF4900423E14 /* LaunchScreen.storyboard */ = {
			isa = PBXVariantGroup;
			children = (
				8827389B27FEAF4900423E14 /* Base */,
			);
			name = LaunchScreen.storyboard;
			sourceTree = "<group>";
		};
/* End PBXVariantGroup section */

/* Begin XCBuildConfiguration section */
		8827389E27FEAF4900423E14 /* Debug */ = {
			isa = XCBuildConfiguration;
			buildSettings = {
				ALWAYS_SEARCH_USER_PATHS = NO;
				CLANG_ANALYZER_NONNULL = YES;
				CLANG_ANALYZER_NUMBER_OBJECT_CONVERSION = YES_AGGRESSIVE;
				CLANG_CXX_LANGUAGE_STANDARD = "gnu++14";
				CLANG_CXX_LIBRARY = "libc++";
				CLANG_ENABLE_MODULES = YES;
				CLANG_ENABLE_OBJC_ARC = YES;
				CLANG_ENABLE_OBJC_WEAK = YES;
				CLANG_WARN_BLOCK_CAPTURE_AUTORELEASING = YES;
				CLANG_WARN_BOOL_CONVERSION = YES;
				CLANG_WARN_COMMA = YES;
				CLANG_WARN_CONSTANT_CONVERSION = YES;
				CLANG_WARN_DEPRECATED_OBJC_IMPLEMENTATIONS = YES;
				CLANG_WARN_DIRECT_OBJC_ISA_USAGE = YES_ERROR;
				CLANG_WARN_DOCUMENTATION_COMMENTS = YES;
				CLANG_WARN_EMPTY_BODY = YES;
				CLANG_WARN_ENUM_CONVERSION = YES;
				CLANG_WARN_INFINITE_RECURSION = YES;
				CLANG_WARN_INT_CONVERSION = YES;
				CLANG_WARN_NON_LITERAL_NULL_CONVERSION = YES;
				CLANG_WARN_OBJC_IMPLICIT_RETAIN_SELF = YES;
				CLANG_WARN_OBJC_LITERAL_CONVERSION = YES;
				CLANG_WARN_OBJC_ROOT_CLASS = YES_ERROR;
				CLANG_WARN_QUOTED_INCLUDE_IN_FRAMEWORK_HEADER = YES;
				CLANG_WARN_RANGE_LOOP_ANALYSIS = YES;
				CLANG_WARN_STRICT_PROTOTYPES = YES;
				CLANG_WARN_SUSPICIOUS_MOVE = YES;
				CLANG_WARN_UNGUARDED_AVAILABILITY = YES_AGGRESSIVE;
				CLANG_WARN_UNREACHABLE_CODE = YES;
				CLANG_WARN__DUPLICATE_METHOD_MATCH = YES;
				COPY_PHASE_STRIP = NO;
				DEBUG_INFORMATION_FORMAT = dwarf;
				ENABLE_STRICT_OBJC_MSGSEND = YES;
				ENABLE_TESTABILITY = YES;
				GCC_C_LANGUAGE_STANDARD = gnu11;
				GCC_DYNAMIC_NO_PIC = NO;
				GCC_NO_COMMON_BLOCKS = YES;
				GCC_OPTIMIZATION_LEVEL = 0;
				GCC_PREPROCESSOR_DEFINITIONS = (
					"DEBUG=1",
					"$(inherited)",
				);
				GCC_WARN_64_TO_32_BIT_CONVERSION = YES;
				GCC_WARN_ABOUT_RETURN_TYPE = YES_ERROR;
				GCC_WARN_UNDECLARED_SELECTOR = YES;
				GCC_WARN_UNINITIALIZED_AUTOS = YES_AGGRESSIVE;
				GCC_WARN_UNUSED_FUNCTION = YES;
				GCC_WARN_UNUSED_VARIABLE = YES;
				IPHONEOS_DEPLOYMENT_TARGET = 14.0;
				MTL_ENABLE_DEBUG_INFO = INCLUDE_SOURCE;
				MTL_FAST_MATH = YES;
				ONLY_ACTIVE_ARCH = YES;
				SDKROOT = iphoneos;
				SWIFT_ACTIVE_COMPILATION_CONDITIONS = DEBUG;
				SWIFT_OPTIMIZATION_LEVEL = "-Onone";
			};
			name = Debug;
		};
		8827389F27FEAF4900423E14 /* Release */ = {
			isa = XCBuildConfiguration;
			buildSettings = {
				ALWAYS_SEARCH_USER_PATHS = NO;
				CLANG_ANALYZER_NONNULL = YES;
				CLANG_ANALYZER_NUMBER_OBJECT_CONVERSION = YES_AGGRESSIVE;
				CLANG_CXX_LANGUAGE_STANDARD = "gnu++14";
				CLANG_CXX_LIBRARY = "libc++";
				CLANG_ENABLE_MODULES = YES;
				CLANG_ENABLE_OBJC_ARC = YES;
				CLANG_ENABLE_OBJC_WEAK = YES;
				CLANG_WARN_BLOCK_CAPTURE_AUTORELEASING = YES;
				CLANG_WARN_BOOL_CONVERSION = YES;
				CLANG_WARN_COMMA = YES;
				CLANG_WARN_CONSTANT_CONVERSION = YES;
				CLANG_WARN_DEPRECATED_OBJC_IMPLEMENTATIONS = YES;
				CLANG_WARN_DIRECT_OBJC_ISA_USAGE = YES_ERROR;
				CLANG_WARN_DOCUMENTATION_COMMENTS = YES;
				CLANG_WARN_EMPTY_BODY = YES;
				CLANG_WARN_ENUM_CONVERSION = YES;
				CLANG_WARN_INFINITE_RECURSION = YES;
				CLANG_WARN_INT_CONVERSION = YES;
				CLANG_WARN_NON_LITERAL_NULL_CONVERSION = YES;
				CLANG_WARN_OBJC_IMPLICIT_RETAIN_SELF = YES;
				CLANG_WARN_OBJC_LITERAL_CONVERSION = YES;
				CLANG_WARN_OBJC_ROOT_CLASS = YES_ERROR;
				CLANG_WARN_QUOTED_INCLUDE_IN_FRAMEWORK_HEADER = YES;
				CLANG_WARN_RANGE_LOOP_ANALYSIS = YES;
				CLANG_WARN_STRICT_PROTOTYPES = YES;
				CLANG_WARN_SUSPICIOUS_MOVE = YES;
				CLANG_WARN_UNGUARDED_AVAILABILITY = YES_AGGRESSIVE;
				CLANG_WARN_UNREACHABLE_CODE = YES;
				CLANG_WARN__DUPLICATE_METHOD_MATCH = YES;
				COPY_PHASE_STRIP = NO;
				DEBUG_INFORMATION_FORMAT = "dwarf-with-dsym";
				ENABLE_NS_ASSERTIONS = NO;
				ENABLE_STRICT_OBJC_MSGSEND = YES;
				GCC_C_LANGUAGE_STANDARD = gnu11;
				GCC_NO_COMMON_BLOCKS = YES;
				GCC_WARN_64_TO_32_BIT_CONVERSION = YES;
				GCC_WARN_ABOUT_RETURN_TYPE = YES_ERROR;
				GCC_WARN_UNDECLARED_SELECTOR = YES;
				GCC_WARN_UNINITIALIZED_AUTOS = YES_AGGRESSIVE;
				GCC_WARN_UNUSED_FUNCTION = YES;
				GCC_WARN_UNUSED_VARIABLE = YES;
				IPHONEOS_DEPLOYMENT_TARGET = 14.0;
				MTL_ENABLE_DEBUG_INFO = NO;
				MTL_FAST_MATH = YES;
				SDKROOT = iphoneos;
				SWIFT_COMPILATION_MODE = wholemodule;
				SWIFT_OPTIMIZATION_LEVEL = "-O";
				VALIDATE_PRODUCT = YES;
			};
			name = Release;
		};
		882738A127FEAF4900423E14 /* Debug */ = {
			isa = XCBuildConfiguration;
			buildSettings = {
				ASSETCATALOG_COMPILER_APPICON_NAME = AppIcon;
				ASSETCATALOG_COMPILER_GLOBAL_ACCENT_COLOR_NAME = AccentColor;
				CODE_SIGN_STYLE = Automatic;
				INFOPLIST_FILE = VirtualLearnApp/Info.plist;
				LD_RUNPATH_SEARCH_PATHS = (
					"$(inherited)",
					"@executable_path/Frameworks",
				);
				PRODUCT_BUNDLE_IDENTIFIER = com.robosoftin.VirtualLearnApp;
				PRODUCT_NAME = "$(TARGET_NAME)";
				SWIFT_VERSION = 5.0;
				TARGETED_DEVICE_FAMILY = "1,2";
			};
			name = Debug;
		};
		882738A227FEAF4900423E14 /* Release */ = {
			isa = XCBuildConfiguration;
			buildSettings = {
				ASSETCATALOG_COMPILER_APPICON_NAME = AppIcon;
				ASSETCATALOG_COMPILER_GLOBAL_ACCENT_COLOR_NAME = AccentColor;
				CODE_SIGN_STYLE = Automatic;
				INFOPLIST_FILE = VirtualLearnApp/Info.plist;
				LD_RUNPATH_SEARCH_PATHS = (
					"$(inherited)",
					"@executable_path/Frameworks",
				);
				PRODUCT_BUNDLE_IDENTIFIER = com.robosoftin.VirtualLearnApp;
				PRODUCT_NAME = "$(TARGET_NAME)";
				SWIFT_VERSION = 5.0;
				TARGETED_DEVICE_FAMILY = "1,2";
			};
			name = Release;
		};
/* End XCBuildConfiguration section */

/* Begin XCConfigurationList section */
		8827388727FEAF4800423E14 /* Build configuration list for PBXProject "VirtualLearnApp" */ = {
			isa = XCConfigurationList;
			buildConfigurations = (
				8827389E27FEAF4900423E14 /* Debug */,
				8827389F27FEAF4900423E14 /* Release */,
			);
			defaultConfigurationIsVisible = 0;
			defaultConfigurationName = Release;
		};
		882738A027FEAF4900423E14 /* Build configuration list for PBXNativeTarget "VirtualLearnApp" */ = {
			isa = XCConfigurationList;
			buildConfigurations = (
				882738A127FEAF4900423E14 /* Debug */,
				882738A227FEAF4900423E14 /* Release */,
			);
			defaultConfigurationIsVisible = 0;
			defaultConfigurationName = Release;
		};
/* End XCConfigurationList section */
	};
	rootObject = 8827388427FEAF4800423E14 /* Project object */;
}
