// !$*UTF8*$!
{
	archiveVersion = 1;
	classes = {
	};
	objectVersion = 50;
	objects = {

/* Begin PBXBuildFile section */
		880823F1280A828700152B3A /* SearchCourseDataModel.swift in Sources */ = {isa = PBXBuildFile; fileRef = 880823F0280A828700152B3A /* SearchCourseDataModel.swift */; };
		880823F4280A82A200152B3A /* SearchViewModel.swift in Sources */ = {isa = PBXBuildFile; fileRef = 880823F3280A82A200152B3A /* SearchViewModel.swift */; };
		880823F7280A82B800152B3A /* SearchNetworkManager.swift in Sources */ = {isa = PBXBuildFile; fileRef = 880823F6280A82B800152B3A /* SearchNetworkManager.swift */; };
		881A9EE92805CAE700384AC1 /* RegisterSuccessViewController.swift in Sources */ = {isa = PBXBuildFile; fileRef = 881A9EE82805CAE700384AC1 /* RegisterSuccessViewController.swift */; };
		8827389027FEAF4800423E14 /* AppDelegate.swift in Sources */ = {isa = PBXBuildFile; fileRef = 8827388F27FEAF4800423E14 /* AppDelegate.swift */; };
		8827389227FEAF4800423E14 /* SceneDelegate.swift in Sources */ = {isa = PBXBuildFile; fileRef = 8827389127FEAF4800423E14 /* SceneDelegate.swift */; };
		8827389427FEAF4800423E14 /* OnboardingViewController.swift in Sources */ = {isa = PBXBuildFile; fileRef = 8827389327FEAF4800423E14 /* OnboardingViewController.swift */; };
		8827389727FEAF4800423E14 /* Main.storyboard in Resources */ = {isa = PBXBuildFile; fileRef = 8827389527FEAF4800423E14 /* Main.storyboard */; };
		8827389927FEAF4900423E14 /* Assets.xcassets in Resources */ = {isa = PBXBuildFile; fileRef = 8827389827FEAF4900423E14 /* Assets.xcassets */; };
		8827389C27FEAF4900423E14 /* LaunchScreen.storyboard in Resources */ = {isa = PBXBuildFile; fileRef = 8827389A27FEAF4900423E14 /* LaunchScreen.storyboard */; };
		882939112811677000B54A60 /* EachCourseViewController.swift in Sources */ = {isa = PBXBuildFile; fileRef = 882939102811677000B54A60 /* EachCourseViewController.swift */; };
		882939142811754600B54A60 /* SubCategoryCollectionViewCell.swift in Sources */ = {isa = PBXBuildFile; fileRef = 882939132811754600B54A60 /* SubCategoryCollectionViewCell.swift */; };
		88293917281176FA00B54A60 /* CoursesCollectionViewCell.swift in Sources */ = {isa = PBXBuildFile; fileRef = 88293916281176FA00B54A60 /* CoursesCollectionViewCell.swift */; };
		88302357281124B9009C3F8A /* ChoiceYourCourseViewController.swift in Sources */ = {isa = PBXBuildFile; fileRef = 88302356281124B9009C3F8A /* ChoiceYourCourseViewController.swift */; };
		8842ADB728007EB3009C7F3D /* WelcomeBackViewController.swift in Sources */ = {isa = PBXBuildFile; fileRef = 8842ADB628007EB3009C7F3D /* WelcomeBackViewController.swift */; };
		8842ADBA28007EC8009C7F3D /* CreateNewPasswordViewController.swift in Sources */ = {isa = PBXBuildFile; fileRef = 8842ADB928007EC8009C7F3D /* CreateNewPasswordViewController.swift */; };
		88560C1D280190D500094EB1 /* URLRequest+Extension.swift in Sources */ = {isa = PBXBuildFile; fileRef = 88560C1C280190D500094EB1 /* URLRequest+Extension.swift */; };
		8857BB36280FC20A00757726 /* ForgotPasswordNetworkManager.swift in Sources */ = {isa = PBXBuildFile; fileRef = 8857BB35280FC20A00757726 /* ForgotPasswordNetworkManager.swift */; };
		8870D4BA2810544000367A83 /* Categories.storyboard in Resources */ = {isa = PBXBuildFile; fileRef = 8870D4B92810544000367A83 /* Categories.storyboard */; };
		8870D4BD281054B300367A83 /* CategoriesViewController.swift in Sources */ = {isa = PBXBuildFile; fileRef = 8870D4BC281054B300367A83 /* CategoriesViewController.swift */; };
		889F971D281113D100645B71 /* CategoriesCollectionViewCell.swift in Sources */ = {isa = PBXBuildFile; fileRef = 889F971C281113D100645B71 /* CategoriesCollectionViewCell.swift */; };
		88A17E2627FEEA1800CD1328 /* Login.storyboard in Resources */ = {isa = PBXBuildFile; fileRef = 88A17E2527FEEA1800CD1328 /* Login.storyboard */; };
		88A17E2D27FEEC1200CD1328 /* WelcomeViewController.swift in Sources */ = {isa = PBXBuildFile; fileRef = 88A17E2C27FEEC1200CD1328 /* WelcomeViewController.swift */; };
		88A17E3127FEF91E00CD1328 /* CustomButtons.swift in Sources */ = {isa = PBXBuildFile; fileRef = 88A17E3027FEF91E00CD1328 /* CustomButtons.swift */; };
		88A257CB281131A400CBFF40 /* ChoiceCourseCategoryCollectionViewCell.swift in Sources */ = {isa = PBXBuildFile; fileRef = 88A257CA281131A400CBFF40 /* ChoiceCourseCategoryCollectionViewCell.swift */; };
		88A257CE281131C800CBFF40 /* ChoiceCourseAllCourseTableViewCell.swift in Sources */ = {isa = PBXBuildFile; fileRef = 88A257CD281131C800CBFF40 /* ChoiceCourseAllCourseTableViewCell.swift */; };
		88C620BD28042963009DF70C /* PersonalDetailsViewController.swift in Sources */ = {isa = PBXBuildFile; fileRef = 88C620BC28042963009DF70C /* PersonalDetailsViewController.swift */; };
		88F9F141280B1558003A7FF9 /* SearchResultTableViewCell.swift in Sources */ = {isa = PBXBuildFile; fileRef = 88F9F140280B1558003A7FF9 /* SearchResultTableViewCell.swift */; };
		8B08596F2815128B007BEF53 /* ChapterDataModel.swift in Sources */ = {isa = PBXBuildFile; fileRef = 8B08596E2815128B007BEF53 /* ChapterDataModel.swift */; };
		8B08597228151348007BEF53 /* SubChaptersDataModel.swift in Sources */ = {isa = PBXBuildFile; fileRef = 8B08597128151348007BEF53 /* SubChaptersDataModel.swift */; };
		8B0859752815146A007BEF53 /* ChaptersViewModel.swift in Sources */ = {isa = PBXBuildFile; fileRef = 8B0859742815146A007BEF53 /* ChaptersViewModel.swift */; };
		8B1377AC280DACCA007C72DB /* CompletedViewController.swift in Sources */ = {isa = PBXBuildFile; fileRef = 8B1377AB280DACCA007C72DB /* CompletedViewController.swift */; };
		8B1377AF280DACE5007C72DB /* CompletedTableViewCell.swift in Sources */ = {isa = PBXBuildFile; fileRef = 8B1377AE280DACE5007C72DB /* CompletedTableViewCell.swift */; };
		8B2531D92803FC3D00256714 /* Profile.storyboard in Resources */ = {isa = PBXBuildFile; fileRef = 8B2531D82803FC3D00256714 /* Profile.storyboard */; };
		8B2531DB2803FEF100256714 /* ProfileViewController.swift in Sources */ = {isa = PBXBuildFile; fileRef = 8B2531DA2803FEF100256714 /* ProfileViewController.swift */; };
		8B2531DD2804102100256714 /* CoursesDetailsCollectionViewCell.swift in Sources */ = {isa = PBXBuildFile; fileRef = 8B2531DC2804102100256714 /* CoursesDetailsCollectionViewCell.swift */; };
		8B4693992809322F00B0CFB8 /* MyCourses.storyboard in Resources */ = {isa = PBXBuildFile; fileRef = 8B4693982809322F00B0CFB8 /* MyCourses.storyboard */; };
		8B46939E2809329100B0CFB8 /* OngoingAndCompletedViewController.swift in Sources */ = {isa = PBXBuildFile; fileRef = 8B46939D2809329100B0CFB8 /* OngoingAndCompletedViewController.swift */; };
		8B4693A328094FD900B0CFB8 /* MyCoursesDataModel.swift in Sources */ = {isa = PBXBuildFile; fileRef = 8B4693A228094FD900B0CFB8 /* MyCoursesDataModel.swift */; };
		8B4693A7280952DD00B0CFB8 /* MyCoursesViewModel.swift in Sources */ = {isa = PBXBuildFile; fileRef = 8B4693A6280952DD00B0CFB8 /* MyCoursesViewModel.swift */; };
		8B4DFF2D2813CE8E0034C34C /* OverviewDataModel.swift in Sources */ = {isa = PBXBuildFile; fileRef = 8B4DFF2C2813CE8E0034C34C /* OverviewDataModel.swift */; };
		8B4DFF302813D1640034C34C /* OverviewNetworkManager.swift in Sources */ = {isa = PBXBuildFile; fileRef = 8B4DFF2F2813D1640034C34C /* OverviewNetworkManager.swift */; };
		8B629AE328163DBB00873A36 /* Logout.swift in Sources */ = {isa = PBXBuildFile; fileRef = 8B629AE228163DBB00873A36 /* Logout.swift */; };
		8B67F075280519080056CBD0 /* EditProfileViewController.swift in Sources */ = {isa = PBXBuildFile; fileRef = 8B67F074280519080056CBD0 /* EditProfileViewController.swift */; };
		8B6D529C2813D3DD00DAA870 /* OverviewViewModel.swift in Sources */ = {isa = PBXBuildFile; fileRef = 8B6D529B2813D3DD00DAA870 /* OverviewViewModel.swift */; };
		8B6DBFBE280976F20064677C /* MyCoursesNetworkManager.swift in Sources */ = {isa = PBXBuildFile; fileRef = 8B6DBFBD280976F20064677C /* MyCoursesNetworkManager.swift */; };
		8B6DD70D280DA7DF00175F2A /* OngoingViewController.swift in Sources */ = {isa = PBXBuildFile; fileRef = 8B6DD70C280DA7DF00175F2A /* OngoingViewController.swift */; };
		8B6DD710280DA7F600175F2A /* OngoingTableViewCell.swift in Sources */ = {isa = PBXBuildFile; fileRef = 8B6DD70F280DA7F600175F2A /* OngoingTableViewCell.swift */; };
		8B730B1D28067E4300D17EF2 /* ProfileDataModel.swift in Sources */ = {isa = PBXBuildFile; fileRef = 8B730B1C28067E4300D17EF2 /* ProfileDataModel.swift */; };
		8B730B1F28068BBD00D17EF2 /* ProfileViewModel.swift in Sources */ = {isa = PBXBuildFile; fileRef = 8B730B1E28068BBD00D17EF2 /* ProfileViewModel.swift */; };
		8B730B21280691FA00D17EF2 /* ProfileNetworkManager.swift in Sources */ = {isa = PBXBuildFile; fileRef = 8B730B20280691FA00D17EF2 /* ProfileNetworkManager.swift */; };
		8B77F265281118F700DF8EC3 /* EmptyCourseViewController.swift in Sources */ = {isa = PBXBuildFile; fileRef = 8B77F264281118F700DF8EC3 /* EmptyCourseViewController.swift */; };
		8B7963B0280E7FE100B9BA5A /* ApiImage.swift in Sources */ = {isa = PBXBuildFile; fileRef = 8B7963AF280E7FE100B9BA5A /* ApiImage.swift */; };
		8BA75C43280FDAE8003CF45F /* ChangePasswordNetworkManager.swift in Sources */ = {isa = PBXBuildFile; fileRef = 8BA75C42280FDAE8003CF45F /* ChangePasswordNetworkManager.swift */; };
		8BA75C48280FDE66003CF45F /* ChangePasswordViewModel.swift in Sources */ = {isa = PBXBuildFile; fileRef = 8BA75C47280FDE66003CF45F /* ChangePasswordViewModel.swift */; };
		8BA75C4B280FDF69003CF45F /* ChangePasswordViewController.swift in Sources */ = {isa = PBXBuildFile; fileRef = 8BA75C4A280FDF69003CF45F /* ChangePasswordViewController.swift */; };
		8BBF3CFF281591E900B5546B /* JoinCourseNetworkManager.swift in Sources */ = {isa = PBXBuildFile; fileRef = 8BBF3CFE281591E900B5546B /* JoinCourseNetworkManager.swift */; };
		8BBF3D022815993D00B5546B /* JoinCourseViewModel.swift in Sources */ = {isa = PBXBuildFile; fileRef = 8BBF3D012815993D00B5546B /* JoinCourseViewModel.swift */; };
		8BEC30B22801869B00F7AD86 /* URL+Extension.swift in Sources */ = {isa = PBXBuildFile; fileRef = 8BEC30B12801869B00F7AD86 /* URL+Extension.swift */; };
		8BEC30B4280186BB00F7AD86 /* LoginRegisterNetworkManager.swift in Sources */ = {isa = PBXBuildFile; fileRef = 8BEC30B3280186BB00F7AD86 /* LoginRegisterNetworkManager.swift */; };
		8BEC30B6280186CF00F7AD86 /* LoginViewModel.swift in Sources */ = {isa = PBXBuildFile; fileRef = 8BEC30B5280186CF00F7AD86 /* LoginViewModel.swift */; };
		8BEC30B8280186E000F7AD86 /* RegisterViewModel.swift in Sources */ = {isa = PBXBuildFile; fileRef = 8BEC30B7280186E000F7AD86 /* RegisterViewModel.swift */; };
		BA19006F280D27A300ED8624 /* TestModule.storyboard in Resources */ = {isa = PBXBuildFile; fileRef = BA19006E280D27A300ED8624 /* TestModule.storyboard */; };
		BA3D7B4128053A4E0092EDE1 /* NotificationsViewController.swift in Sources */ = {isa = PBXBuildFile; fileRef = BA3D7B4028053A4E0092EDE1 /* NotificationsViewController.swift */; };
		BA3D7B4428053A8B0092EDE1 /* NotificationCell.swift in Sources */ = {isa = PBXBuildFile; fileRef = BA3D7B4328053A8B0092EDE1 /* NotificationCell.swift */; };
		BA4AC10627FEB74D00A2AD4C /* Settings.storyboard in Resources */ = {isa = PBXBuildFile; fileRef = BA4AC10527FEB74D00A2AD4C /* Settings.storyboard */; };
		BA4AC10927FEB8A600A2AD4C /* SettingViewController.swift in Sources */ = {isa = PBXBuildFile; fileRef = BA4AC10827FEB8A600A2AD4C /* SettingViewController.swift */; };
		BA657B452800483100A334B3 /* NewAccountViewController.swift in Sources */ = {isa = PBXBuildFile; fileRef = BA657B442800483100A334B3 /* NewAccountViewController.swift */; };
		BAB1B6482803CB050020F6CE /* OTPVerifyViewController.swift in Sources */ = {isa = PBXBuildFile; fileRef = BAB1B6472803CB050020F6CE /* OTPVerifyViewController.swift */; };
		BAB1B67428043E270020F6CE /* SettingsContainerView.swift in Sources */ = {isa = PBXBuildFile; fileRef = BAB1B67328043E270020F6CE /* SettingsContainerView.swift */; };
		BAB1B679280477D30020F6CE /* Notifications.storyboard in Resources */ = {isa = PBXBuildFile; fileRef = BAB1B678280477D30020F6CE /* Notifications.storyboard */; };
		BAB1B686280492D20020F6CE /* CustomImageView.swift in Sources */ = {isa = PBXBuildFile; fileRef = BAB1B685280492D20020F6CE /* CustomImageView.swift */; };
		BAB80CBD280ED89800EADB24 /* TestModuleViewController.swift in Sources */ = {isa = PBXBuildFile; fileRef = BAB80CBC280ED89800EADB24 /* TestModuleViewController.swift */; };
		BAB80CC0280ED8B500EADB24 /* TestModuleContainerView.swift in Sources */ = {isa = PBXBuildFile; fileRef = BAB80CBF280ED8B500EADB24 /* TestModuleContainerView.swift */; };
		BADB09C327FF49BA00FD5CD6 /* NewAccount.storyboard in Resources */ = {isa = PBXBuildFile; fileRef = BADB09C227FF49BA00FD5CD6 /* NewAccount.storyboard */; };
		F5048C5D280FEB6400DBCFC9 /* Biko_Regular.otf in Resources */ = {isa = PBXBuildFile; fileRef = F5048C5C280FEB6400DBCFC9 /* Biko_Regular.otf */; };
		F5048C6528101C6900DBCFC9 /* ChaptersViewController.swift in Sources */ = {isa = PBXBuildFile; fileRef = F5048C6428101C6900DBCFC9 /* ChaptersViewController.swift */; };
		F5048C6828101C9A00DBCFC9 /* MasterOverviewChapterViewController.swift in Sources */ = {isa = PBXBuildFile; fileRef = F5048C6728101C9A00DBCFC9 /* MasterOverviewChapterViewController.swift */; };
		F5273863281122F7004D25CF /* ChapterCourseTableViewCell.swift in Sources */ = {isa = PBXBuildFile; fileRef = F5273862281122F7004D25CF /* ChapterCourseTableViewCell.swift */; };
		F52738742812FF74004D25CF /* OverviewCourseTableViewCell.swift in Sources */ = {isa = PBXBuildFile; fileRef = F52738732812FF74004D25CF /* OverviewCourseTableViewCell.swift */; };
		F52738772812FF96004D25CF /* OverviewLearnTableViewCell.swift in Sources */ = {isa = PBXBuildFile; fileRef = F52738762812FF96004D25CF /* OverviewLearnTableViewCell.swift */; };
		F527387A2812FFAD004D25CF /* OverViewRequirementsTableViewCell.swift in Sources */ = {isa = PBXBuildFile; fileRef = F52738792812FFAD004D25CF /* OverViewRequirementsTableViewCell.swift */; };
		F52738832813C3AD004D25CF /* UIButton+Extention.swift in Sources */ = {isa = PBXBuildFile; fileRef = F52738822813C3AD004D25CF /* UIButton+Extention.swift */; };
		F527388828140D11004D25CF /* UIViewController+Extention.swift in Sources */ = {isa = PBXBuildFile; fileRef = F527388728140D11004D25CF /* UIViewController+Extention.swift */; };
		F5315C51280E9D4800C81290 /* OverviewScreenController.swift in Sources */ = {isa = PBXBuildFile; fileRef = F5315C50280E9D4800C81290 /* OverviewScreenController.swift */; };
		F553836B28081F0000A32D52 /* HomeNetworkManager.swift in Sources */ = {isa = PBXBuildFile; fileRef = F553836A28081F0000A32D52 /* HomeNetworkManager.swift */; };
		F553836D28082E0100A32D52 /* HomeViewModel.swift in Sources */ = {isa = PBXBuildFile; fileRef = F553836C28082E0100A32D52 /* HomeViewModel.swift */; };
		F553836F280837B800A32D52 /* HomeModel.swift in Sources */ = {isa = PBXBuildFile; fileRef = F553836E280837B800A32D52 /* HomeModel.swift */; };
		F55383722808907F00A32D52 /* Overview.storyboard in Resources */ = {isa = PBXBuildFile; fileRef = F55383712808907F00A32D52 /* Overview.storyboard */; };
		F57499C72802A6D000695C3B /* AvenirLTStd-Roman.otf in Resources */ = {isa = PBXBuildFile; fileRef = F57499C42802A6D000695C3B /* AvenirLTStd-Roman.otf */; };
		F57499CB2803111500695C3B /* UIFont+Extention.swift in Sources */ = {isa = PBXBuildFile; fileRef = F57499CA2803111500695C3B /* UIFont+Extention.swift */; };
		F57499CD2803115600695C3B /* UIColor+Extention.swift in Sources */ = {isa = PBXBuildFile; fileRef = F57499CC2803115600695C3B /* UIColor+Extention.swift */; };
		F57499CF28033EE200695C3B /* Proxima-Nova-Sbold.otf in Resources */ = {isa = PBXBuildFile; fileRef = F57499CE28033EE200695C3B /* Proxima-Nova-Sbold.otf */; };
		F57499D12803EA5C00695C3B /* NSAttributedString+Extention.swift in Sources */ = {isa = PBXBuildFile; fileRef = F57499D02803EA5C00695C3B /* NSAttributedString+Extention.swift */; };
		F57499E2280443FF00695C3B /* HomeScreen.storyboard in Resources */ = {isa = PBXBuildFile; fileRef = F57499E1280443FF00695C3B /* HomeScreen.storyboard */; };
		F57499E82804585600695C3B /* HomeScreenCollectionViewCell.swift in Sources */ = {isa = PBXBuildFile; fileRef = F57499E72804585600695C3B /* HomeScreenCollectionViewCell.swift */; };
		F57499EA2804587C00695C3B /* HomeScreenTableViewCell.swift in Sources */ = {isa = PBXBuildFile; fileRef = F57499E92804587C00695C3B /* HomeScreenTableViewCell.swift */; };
		F57499EC280560A600695C3B /* HomeScreenViewController.swift in Sources */ = {isa = PBXBuildFile; fileRef = F57499EB280560A600695C3B /* HomeScreenViewController.swift */; };
		F57499EE280564F700695C3B /* UIImage+Extention.swift in Sources */ = {isa = PBXBuildFile; fileRef = F57499ED280564F700695C3B /* UIImage+Extention.swift */; };
		F5C3166627FEBCDA00F30001 /* SearchStoryboard.storyboard in Resources */ = {isa = PBXBuildFile; fileRef = F5C3166527FEBCDA00F30001 /* SearchStoryboard.storyboard */; };
		F5C3166827FEBD4A00F30001 /* SearchViewController.swift in Sources */ = {isa = PBXBuildFile; fileRef = F5C3166727FEBD4A00F30001 /* SearchViewController.swift */; };
		F5C3166D27FFEE4400F30001 /* RegisterPart2.storyboard in Resources */ = {isa = PBXBuildFile; fileRef = F5C3166C27FFEE4400F30001 /* RegisterPart2.storyboard */; };
		F5C316702800067D00F30001 /* CustomLabels.swift in Sources */ = {isa = PBXBuildFile; fileRef = F5C3166F2800067D00F30001 /* CustomLabels.swift */; };
		F5C316722800069C00F30001 /* CustomTextFeilds.swift in Sources */ = {isa = PBXBuildFile; fileRef = F5C316712800069C00F30001 /* CustomTextFeilds.swift */; };
		F5C31674280006B100F30001 /* CustomViews.swift in Sources */ = {isa = PBXBuildFile; fileRef = F5C31673280006B100F30001 /* CustomViews.swift */; };
		F5C7ED2F28029FAE00134409 /* system_san_francisco_display_regular.ttf in Resources */ = {isa = PBXBuildFile; fileRef = F5C7ED2728029FAD00134409 /* system_san_francisco_display_regular.ttf */; };
		F5C7ED3028029FAE00134409 /* proxima_nova_x_bold.otf in Resources */ = {isa = PBXBuildFile; fileRef = F5C7ED2828029FAD00134409 /* proxima_nova_x_bold.otf */; };
		F5C7ED3128029FAE00134409 /* proximanovaextrabold.otf in Resources */ = {isa = PBXBuildFile; fileRef = F5C7ED2928029FAD00134409 /* proximanovaextrabold.otf */; };
		F5C7ED3228029FAE00134409 /* proxima_nova_medium.ttf in Resources */ = {isa = PBXBuildFile; fileRef = F5C7ED2A28029FAD00134409 /* proxima_nova_medium.ttf */; };
		F5C7ED3328029FAE00134409 /* proxima_nova_regular.otf in Resources */ = {isa = PBXBuildFile; fileRef = F5C7ED2B28029FAD00134409 /* proxima_nova_regular.otf */; };
		F5C7ED3428029FAE00134409 /* proxima_nova_bold.ttf in Resources */ = {isa = PBXBuildFile; fileRef = F5C7ED2C28029FAE00134409 /* proxima_nova_bold.ttf */; };
		F5C7ED3528029FAE00134409 /* biko_bold.otf in Resources */ = {isa = PBXBuildFile; fileRef = F5C7ED2D28029FAE00134409 /* biko_bold.otf */; };
/* End PBXBuildFile section */

/* Begin PBXFileReference section */
		880823F0280A828700152B3A /* SearchCourseDataModel.swift */ = {isa = PBXFileReference; lastKnownFileType = sourcecode.swift; path = SearchCourseDataModel.swift; sourceTree = "<group>"; };
		880823F3280A82A200152B3A /* SearchViewModel.swift */ = {isa = PBXFileReference; lastKnownFileType = sourcecode.swift; path = SearchViewModel.swift; sourceTree = "<group>"; };
		880823F6280A82B800152B3A /* SearchNetworkManager.swift */ = {isa = PBXFileReference; lastKnownFileType = sourcecode.swift; path = SearchNetworkManager.swift; sourceTree = "<group>"; };
		881A9EE82805CAE700384AC1 /* RegisterSuccessViewController.swift */ = {isa = PBXFileReference; lastKnownFileType = sourcecode.swift; path = RegisterSuccessViewController.swift; sourceTree = "<group>"; };
		8827388C27FEAF4800423E14 /* VirtualLearnApp.app */ = {isa = PBXFileReference; explicitFileType = wrapper.application; includeInIndex = 0; path = VirtualLearnApp.app; sourceTree = BUILT_PRODUCTS_DIR; };
		8827388F27FEAF4800423E14 /* AppDelegate.swift */ = {isa = PBXFileReference; lastKnownFileType = sourcecode.swift; path = AppDelegate.swift; sourceTree = "<group>"; };
		8827389127FEAF4800423E14 /* SceneDelegate.swift */ = {isa = PBXFileReference; lastKnownFileType = sourcecode.swift; path = SceneDelegate.swift; sourceTree = "<group>"; };
		8827389327FEAF4800423E14 /* OnboardingViewController.swift */ = {isa = PBXFileReference; lastKnownFileType = sourcecode.swift; path = OnboardingViewController.swift; sourceTree = "<group>"; };
		8827389627FEAF4800423E14 /* Base */ = {isa = PBXFileReference; lastKnownFileType = file.storyboard; name = Base; path = Base.lproj/Main.storyboard; sourceTree = "<group>"; };
		8827389827FEAF4900423E14 /* Assets.xcassets */ = {isa = PBXFileReference; lastKnownFileType = folder.assetcatalog; path = Assets.xcassets; sourceTree = "<group>"; };
		8827389B27FEAF4900423E14 /* Base */ = {isa = PBXFileReference; lastKnownFileType = file.storyboard; name = Base; path = Base.lproj/LaunchScreen.storyboard; sourceTree = "<group>"; };
		8827389D27FEAF4900423E14 /* Info.plist */ = {isa = PBXFileReference; lastKnownFileType = text.plist.xml; path = Info.plist; sourceTree = "<group>"; };
		882939102811677000B54A60 /* EachCourseViewController.swift */ = {isa = PBXFileReference; lastKnownFileType = sourcecode.swift; path = EachCourseViewController.swift; sourceTree = "<group>"; };
		882939132811754600B54A60 /* SubCategoryCollectionViewCell.swift */ = {isa = PBXFileReference; lastKnownFileType = sourcecode.swift; path = SubCategoryCollectionViewCell.swift; sourceTree = "<group>"; };
		88293916281176FA00B54A60 /* CoursesCollectionViewCell.swift */ = {isa = PBXFileReference; lastKnownFileType = sourcecode.swift; path = CoursesCollectionViewCell.swift; sourceTree = "<group>"; };
		88302356281124B9009C3F8A /* ChoiceYourCourseViewController.swift */ = {isa = PBXFileReference; lastKnownFileType = sourcecode.swift; path = ChoiceYourCourseViewController.swift; sourceTree = "<group>"; };
		8842ADB628007EB3009C7F3D /* WelcomeBackViewController.swift */ = {isa = PBXFileReference; lastKnownFileType = sourcecode.swift; path = WelcomeBackViewController.swift; sourceTree = "<group>"; };
		8842ADB928007EC8009C7F3D /* CreateNewPasswordViewController.swift */ = {isa = PBXFileReference; lastKnownFileType = sourcecode.swift; path = CreateNewPasswordViewController.swift; sourceTree = "<group>"; };
		88560C1C280190D500094EB1 /* URLRequest+Extension.swift */ = {isa = PBXFileReference; lastKnownFileType = sourcecode.swift; path = "URLRequest+Extension.swift"; sourceTree = "<group>"; };
		8857BB35280FC20A00757726 /* ForgotPasswordNetworkManager.swift */ = {isa = PBXFileReference; lastKnownFileType = sourcecode.swift; path = ForgotPasswordNetworkManager.swift; sourceTree = "<group>"; };
		8870D4B92810544000367A83 /* Categories.storyboard */ = {isa = PBXFileReference; lastKnownFileType = file.storyboard; path = Categories.storyboard; sourceTree = "<group>"; };
		8870D4BC281054B300367A83 /* CategoriesViewController.swift */ = {isa = PBXFileReference; lastKnownFileType = sourcecode.swift; path = CategoriesViewController.swift; sourceTree = "<group>"; };
		889F971C281113D100645B71 /* CategoriesCollectionViewCell.swift */ = {isa = PBXFileReference; lastKnownFileType = sourcecode.swift; path = CategoriesCollectionViewCell.swift; sourceTree = "<group>"; };
		88A17E2527FEEA1800CD1328 /* Login.storyboard */ = {isa = PBXFileReference; lastKnownFileType = file.storyboard; path = Login.storyboard; sourceTree = "<group>"; };
		88A17E2C27FEEC1200CD1328 /* WelcomeViewController.swift */ = {isa = PBXFileReference; lastKnownFileType = sourcecode.swift; path = WelcomeViewController.swift; sourceTree = "<group>"; };
		88A17E3027FEF91E00CD1328 /* CustomButtons.swift */ = {isa = PBXFileReference; lastKnownFileType = sourcecode.swift; path = CustomButtons.swift; sourceTree = "<group>"; };
		88A257CA281131A400CBFF40 /* ChoiceCourseCategoryCollectionViewCell.swift */ = {isa = PBXFileReference; lastKnownFileType = sourcecode.swift; path = ChoiceCourseCategoryCollectionViewCell.swift; sourceTree = "<group>"; };
		88A257CD281131C800CBFF40 /* ChoiceCourseAllCourseTableViewCell.swift */ = {isa = PBXFileReference; lastKnownFileType = sourcecode.swift; path = ChoiceCourseAllCourseTableViewCell.swift; sourceTree = "<group>"; };
		88C620BC28042963009DF70C /* PersonalDetailsViewController.swift */ = {isa = PBXFileReference; lastKnownFileType = sourcecode.swift; path = PersonalDetailsViewController.swift; sourceTree = "<group>"; };
		88F9F140280B1558003A7FF9 /* SearchResultTableViewCell.swift */ = {isa = PBXFileReference; lastKnownFileType = sourcecode.swift; path = SearchResultTableViewCell.swift; sourceTree = "<group>"; };
		8B08596E2815128B007BEF53 /* ChapterDataModel.swift */ = {isa = PBXFileReference; lastKnownFileType = sourcecode.swift; path = ChapterDataModel.swift; sourceTree = "<group>"; };
		8B08597128151348007BEF53 /* SubChaptersDataModel.swift */ = {isa = PBXFileReference; lastKnownFileType = sourcecode.swift; path = SubChaptersDataModel.swift; sourceTree = "<group>"; };
		8B0859742815146A007BEF53 /* ChaptersViewModel.swift */ = {isa = PBXFileReference; lastKnownFileType = sourcecode.swift; path = ChaptersViewModel.swift; sourceTree = "<group>"; };
		8B1377AB280DACCA007C72DB /* CompletedViewController.swift */ = {isa = PBXFileReference; lastKnownFileType = sourcecode.swift; path = CompletedViewController.swift; sourceTree = "<group>"; };
		8B1377AE280DACE5007C72DB /* CompletedTableViewCell.swift */ = {isa = PBXFileReference; lastKnownFileType = sourcecode.swift; path = CompletedTableViewCell.swift; sourceTree = "<group>"; };
		8B2531D82803FC3D00256714 /* Profile.storyboard */ = {isa = PBXFileReference; lastKnownFileType = file.storyboard; path = Profile.storyboard; sourceTree = "<group>"; };
		8B2531DA2803FEF100256714 /* ProfileViewController.swift */ = {isa = PBXFileReference; lastKnownFileType = sourcecode.swift; path = ProfileViewController.swift; sourceTree = "<group>"; };
		8B2531DC2804102100256714 /* CoursesDetailsCollectionViewCell.swift */ = {isa = PBXFileReference; lastKnownFileType = sourcecode.swift; path = CoursesDetailsCollectionViewCell.swift; sourceTree = "<group>"; };
		8B4693982809322F00B0CFB8 /* MyCourses.storyboard */ = {isa = PBXFileReference; lastKnownFileType = file.storyboard; path = MyCourses.storyboard; sourceTree = "<group>"; };
		8B46939D2809329100B0CFB8 /* OngoingAndCompletedViewController.swift */ = {isa = PBXFileReference; lastKnownFileType = sourcecode.swift; path = OngoingAndCompletedViewController.swift; sourceTree = "<group>"; };
		8B4693A228094FD900B0CFB8 /* MyCoursesDataModel.swift */ = {isa = PBXFileReference; lastKnownFileType = sourcecode.swift; path = MyCoursesDataModel.swift; sourceTree = "<group>"; };
		8B4693A6280952DD00B0CFB8 /* MyCoursesViewModel.swift */ = {isa = PBXFileReference; lastKnownFileType = sourcecode.swift; path = MyCoursesViewModel.swift; sourceTree = "<group>"; };
		8B4DFF2C2813CE8E0034C34C /* OverviewDataModel.swift */ = {isa = PBXFileReference; lastKnownFileType = sourcecode.swift; path = OverviewDataModel.swift; sourceTree = "<group>"; };
		8B4DFF2F2813D1640034C34C /* OverviewNetworkManager.swift */ = {isa = PBXFileReference; lastKnownFileType = sourcecode.swift; path = OverviewNetworkManager.swift; sourceTree = "<group>"; };
		8B629AE228163DBB00873A36 /* Logout.swift */ = {isa = PBXFileReference; lastKnownFileType = sourcecode.swift; path = Logout.swift; sourceTree = "<group>"; };
		8B67F074280519080056CBD0 /* EditProfileViewController.swift */ = {isa = PBXFileReference; lastKnownFileType = sourcecode.swift; path = EditProfileViewController.swift; sourceTree = "<group>"; };
		8B6D529B2813D3DD00DAA870 /* OverviewViewModel.swift */ = {isa = PBXFileReference; lastKnownFileType = sourcecode.swift; path = OverviewViewModel.swift; sourceTree = "<group>"; };
		8B6DBFBD280976F20064677C /* MyCoursesNetworkManager.swift */ = {isa = PBXFileReference; lastKnownFileType = sourcecode.swift; path = MyCoursesNetworkManager.swift; sourceTree = "<group>"; };
		8B6DD70C280DA7DF00175F2A /* OngoingViewController.swift */ = {isa = PBXFileReference; lastKnownFileType = sourcecode.swift; path = OngoingViewController.swift; sourceTree = "<group>"; };
		8B6DD70F280DA7F600175F2A /* OngoingTableViewCell.swift */ = {isa = PBXFileReference; lastKnownFileType = sourcecode.swift; path = OngoingTableViewCell.swift; sourceTree = "<group>"; };
		8B730B1C28067E4300D17EF2 /* ProfileDataModel.swift */ = {isa = PBXFileReference; lastKnownFileType = sourcecode.swift; path = ProfileDataModel.swift; sourceTree = "<group>"; };
		8B730B1E28068BBD00D17EF2 /* ProfileViewModel.swift */ = {isa = PBXFileReference; lastKnownFileType = sourcecode.swift; path = ProfileViewModel.swift; sourceTree = "<group>"; };
		8B730B20280691FA00D17EF2 /* ProfileNetworkManager.swift */ = {isa = PBXFileReference; lastKnownFileType = sourcecode.swift; path = ProfileNetworkManager.swift; sourceTree = "<group>"; };
		8B77F264281118F700DF8EC3 /* EmptyCourseViewController.swift */ = {isa = PBXFileReference; lastKnownFileType = sourcecode.swift; path = EmptyCourseViewController.swift; sourceTree = "<group>"; };
		8B7963AF280E7FE100B9BA5A /* ApiImage.swift */ = {isa = PBXFileReference; lastKnownFileType = sourcecode.swift; path = ApiImage.swift; sourceTree = "<group>"; };
		8BA75C42280FDAE8003CF45F /* ChangePasswordNetworkManager.swift */ = {isa = PBXFileReference; lastKnownFileType = sourcecode.swift; path = ChangePasswordNetworkManager.swift; sourceTree = "<group>"; };
		8BA75C47280FDE66003CF45F /* ChangePasswordViewModel.swift */ = {isa = PBXFileReference; lastKnownFileType = sourcecode.swift; path = ChangePasswordViewModel.swift; sourceTree = "<group>"; };
		8BA75C4A280FDF69003CF45F /* ChangePasswordViewController.swift */ = {isa = PBXFileReference; lastKnownFileType = sourcecode.swift; path = ChangePasswordViewController.swift; sourceTree = "<group>"; };
		8BBF3CFE281591E900B5546B /* JoinCourseNetworkManager.swift */ = {isa = PBXFileReference; lastKnownFileType = sourcecode.swift; path = JoinCourseNetworkManager.swift; sourceTree = "<group>"; };
		8BBF3D012815993D00B5546B /* JoinCourseViewModel.swift */ = {isa = PBXFileReference; lastKnownFileType = sourcecode.swift; path = JoinCourseViewModel.swift; sourceTree = "<group>"; };
		8BEC30B12801869B00F7AD86 /* URL+Extension.swift */ = {isa = PBXFileReference; lastKnownFileType = sourcecode.swift; path = "URL+Extension.swift"; sourceTree = "<group>"; };
		8BEC30B3280186BB00F7AD86 /* LoginRegisterNetworkManager.swift */ = {isa = PBXFileReference; lastKnownFileType = sourcecode.swift; path = LoginRegisterNetworkManager.swift; sourceTree = "<group>"; };
		8BEC30B5280186CF00F7AD86 /* LoginViewModel.swift */ = {isa = PBXFileReference; lastKnownFileType = sourcecode.swift; path = LoginViewModel.swift; sourceTree = "<group>"; };
		8BEC30B7280186E000F7AD86 /* RegisterViewModel.swift */ = {isa = PBXFileReference; lastKnownFileType = sourcecode.swift; path = RegisterViewModel.swift; sourceTree = "<group>"; };
		BA19006E280D27A300ED8624 /* TestModule.storyboard */ = {isa = PBXFileReference; lastKnownFileType = file.storyboard; path = TestModule.storyboard; sourceTree = "<group>"; };
		BA3D7B4028053A4E0092EDE1 /* NotificationsViewController.swift */ = {isa = PBXFileReference; lastKnownFileType = sourcecode.swift; path = NotificationsViewController.swift; sourceTree = "<group>"; };
		BA3D7B4328053A8B0092EDE1 /* NotificationCell.swift */ = {isa = PBXFileReference; lastKnownFileType = sourcecode.swift; path = NotificationCell.swift; sourceTree = "<group>"; };
		BA4AC10527FEB74D00A2AD4C /* Settings.storyboard */ = {isa = PBXFileReference; lastKnownFileType = file.storyboard; path = Settings.storyboard; sourceTree = "<group>"; };
		BA4AC10827FEB8A600A2AD4C /* SettingViewController.swift */ = {isa = PBXFileReference; lastKnownFileType = sourcecode.swift; path = SettingViewController.swift; sourceTree = "<group>"; };
		BA657B442800483100A334B3 /* NewAccountViewController.swift */ = {isa = PBXFileReference; lastKnownFileType = sourcecode.swift; path = NewAccountViewController.swift; sourceTree = "<group>"; };
		BAB1B6472803CB050020F6CE /* OTPVerifyViewController.swift */ = {isa = PBXFileReference; lastKnownFileType = sourcecode.swift; path = OTPVerifyViewController.swift; sourceTree = "<group>"; };
		BAB1B67328043E270020F6CE /* SettingsContainerView.swift */ = {isa = PBXFileReference; lastKnownFileType = sourcecode.swift; path = SettingsContainerView.swift; sourceTree = "<group>"; };
		BAB1B678280477D30020F6CE /* Notifications.storyboard */ = {isa = PBXFileReference; lastKnownFileType = file.storyboard; path = Notifications.storyboard; sourceTree = "<group>"; };
		BAB1B685280492D20020F6CE /* CustomImageView.swift */ = {isa = PBXFileReference; lastKnownFileType = sourcecode.swift; path = CustomImageView.swift; sourceTree = "<group>"; };
		BAB80CBC280ED89800EADB24 /* TestModuleViewController.swift */ = {isa = PBXFileReference; lastKnownFileType = sourcecode.swift; path = TestModuleViewController.swift; sourceTree = "<group>"; };
		BAB80CBF280ED8B500EADB24 /* TestModuleContainerView.swift */ = {isa = PBXFileReference; lastKnownFileType = sourcecode.swift; path = TestModuleContainerView.swift; sourceTree = "<group>"; };
		BADB09C227FF49BA00FD5CD6 /* NewAccount.storyboard */ = {isa = PBXFileReference; lastKnownFileType = file.storyboard; path = NewAccount.storyboard; sourceTree = "<group>"; };
		F5048C5C280FEB6400DBCFC9 /* Biko_Regular.otf */ = {isa = PBXFileReference; lastKnownFileType = file; path = Biko_Regular.otf; sourceTree = "<group>"; };
		F5048C6428101C6900DBCFC9 /* ChaptersViewController.swift */ = {isa = PBXFileReference; lastKnownFileType = sourcecode.swift; path = ChaptersViewController.swift; sourceTree = "<group>"; };
		F5048C6728101C9A00DBCFC9 /* MasterOverviewChapterViewController.swift */ = {isa = PBXFileReference; lastKnownFileType = sourcecode.swift; path = MasterOverviewChapterViewController.swift; sourceTree = "<group>"; };
		F5273862281122F7004D25CF /* ChapterCourseTableViewCell.swift */ = {isa = PBXFileReference; lastKnownFileType = sourcecode.swift; path = ChapterCourseTableViewCell.swift; sourceTree = "<group>"; };
		F52738732812FF74004D25CF /* OverviewCourseTableViewCell.swift */ = {isa = PBXFileReference; lastKnownFileType = sourcecode.swift; path = OverviewCourseTableViewCell.swift; sourceTree = "<group>"; };
		F52738762812FF96004D25CF /* OverviewLearnTableViewCell.swift */ = {isa = PBXFileReference; lastKnownFileType = sourcecode.swift; path = OverviewLearnTableViewCell.swift; sourceTree = "<group>"; };
		F52738792812FFAD004D25CF /* OverViewRequirementsTableViewCell.swift */ = {isa = PBXFileReference; lastKnownFileType = sourcecode.swift; path = OverViewRequirementsTableViewCell.swift; sourceTree = "<group>"; };
		F52738822813C3AD004D25CF /* UIButton+Extention.swift */ = {isa = PBXFileReference; lastKnownFileType = sourcecode.swift; path = "UIButton+Extention.swift"; sourceTree = "<group>"; };
		F527388728140D11004D25CF /* UIViewController+Extention.swift */ = {isa = PBXFileReference; lastKnownFileType = sourcecode.swift; path = "UIViewController+Extention.swift"; sourceTree = "<group>"; };
		F5315C50280E9D4800C81290 /* OverviewScreenController.swift */ = {isa = PBXFileReference; lastKnownFileType = sourcecode.swift; path = OverviewScreenController.swift; sourceTree = "<group>"; };
		F553836A28081F0000A32D52 /* HomeNetworkManager.swift */ = {isa = PBXFileReference; lastKnownFileType = sourcecode.swift; path = HomeNetworkManager.swift; sourceTree = "<group>"; };
		F553836C28082E0100A32D52 /* HomeViewModel.swift */ = {isa = PBXFileReference; lastKnownFileType = sourcecode.swift; path = HomeViewModel.swift; sourceTree = "<group>"; };
		F553836E280837B800A32D52 /* HomeModel.swift */ = {isa = PBXFileReference; lastKnownFileType = sourcecode.swift; path = HomeModel.swift; sourceTree = "<group>"; };
		F55383712808907F00A32D52 /* Overview.storyboard */ = {isa = PBXFileReference; lastKnownFileType = file.storyboard; path = Overview.storyboard; sourceTree = "<group>"; };
		F57499C42802A6D000695C3B /* AvenirLTStd-Roman.otf */ = {isa = PBXFileReference; lastKnownFileType = file; path = "AvenirLTStd-Roman.otf"; sourceTree = "<group>"; };
		F57499CA2803111500695C3B /* UIFont+Extention.swift */ = {isa = PBXFileReference; lastKnownFileType = sourcecode.swift; path = "UIFont+Extention.swift"; sourceTree = "<group>"; };
		F57499CC2803115600695C3B /* UIColor+Extention.swift */ = {isa = PBXFileReference; lastKnownFileType = sourcecode.swift; path = "UIColor+Extention.swift"; sourceTree = "<group>"; };
		F57499CE28033EE200695C3B /* Proxima-Nova-Sbold.otf */ = {isa = PBXFileReference; lastKnownFileType = file; path = "Proxima-Nova-Sbold.otf"; sourceTree = "<group>"; };
		F57499D02803EA5C00695C3B /* NSAttributedString+Extention.swift */ = {isa = PBXFileReference; lastKnownFileType = sourcecode.swift; path = "NSAttributedString+Extention.swift"; sourceTree = "<group>"; };
		F57499E1280443FF00695C3B /* HomeScreen.storyboard */ = {isa = PBXFileReference; lastKnownFileType = file.storyboard; path = HomeScreen.storyboard; sourceTree = "<group>"; };
		F57499E72804585600695C3B /* HomeScreenCollectionViewCell.swift */ = {isa = PBXFileReference; lastKnownFileType = sourcecode.swift; path = HomeScreenCollectionViewCell.swift; sourceTree = "<group>"; };
		F57499E92804587C00695C3B /* HomeScreenTableViewCell.swift */ = {isa = PBXFileReference; lastKnownFileType = sourcecode.swift; path = HomeScreenTableViewCell.swift; sourceTree = "<group>"; };
		F57499EB280560A600695C3B /* HomeScreenViewController.swift */ = {isa = PBXFileReference; lastKnownFileType = sourcecode.swift; path = HomeScreenViewController.swift; sourceTree = "<group>"; };
		F57499ED280564F700695C3B /* UIImage+Extention.swift */ = {isa = PBXFileReference; lastKnownFileType = sourcecode.swift; path = "UIImage+Extention.swift"; sourceTree = "<group>"; };
		F5C3166527FEBCDA00F30001 /* SearchStoryboard.storyboard */ = {isa = PBXFileReference; lastKnownFileType = file.storyboard; path = SearchStoryboard.storyboard; sourceTree = "<group>"; };
		F5C3166727FEBD4A00F30001 /* SearchViewController.swift */ = {isa = PBXFileReference; lastKnownFileType = sourcecode.swift; path = SearchViewController.swift; sourceTree = "<group>"; };
		F5C3166C27FFEE4400F30001 /* RegisterPart2.storyboard */ = {isa = PBXFileReference; lastKnownFileType = file.storyboard; path = RegisterPart2.storyboard; sourceTree = "<group>"; };
		F5C3166F2800067D00F30001 /* CustomLabels.swift */ = {isa = PBXFileReference; lastKnownFileType = sourcecode.swift; path = CustomLabels.swift; sourceTree = "<group>"; };
		F5C316712800069C00F30001 /* CustomTextFeilds.swift */ = {isa = PBXFileReference; lastKnownFileType = sourcecode.swift; path = CustomTextFeilds.swift; sourceTree = "<group>"; };
		F5C31673280006B100F30001 /* CustomViews.swift */ = {isa = PBXFileReference; lastKnownFileType = sourcecode.swift; path = CustomViews.swift; sourceTree = "<group>"; };
		F5C7ED2728029FAD00134409 /* system_san_francisco_display_regular.ttf */ = {isa = PBXFileReference; lastKnownFileType = file; path = system_san_francisco_display_regular.ttf; sourceTree = "<group>"; };
		F5C7ED2828029FAD00134409 /* proxima_nova_x_bold.otf */ = {isa = PBXFileReference; lastKnownFileType = file; path = proxima_nova_x_bold.otf; sourceTree = "<group>"; };
		F5C7ED2928029FAD00134409 /* proximanovaextrabold.otf */ = {isa = PBXFileReference; lastKnownFileType = file; path = proximanovaextrabold.otf; sourceTree = "<group>"; };
		F5C7ED2A28029FAD00134409 /* proxima_nova_medium.ttf */ = {isa = PBXFileReference; lastKnownFileType = file; path = proxima_nova_medium.ttf; sourceTree = "<group>"; };
		F5C7ED2B28029FAD00134409 /* proxima_nova_regular.otf */ = {isa = PBXFileReference; lastKnownFileType = file; path = proxima_nova_regular.otf; sourceTree = "<group>"; };
		F5C7ED2C28029FAE00134409 /* proxima_nova_bold.ttf */ = {isa = PBXFileReference; lastKnownFileType = file; path = proxima_nova_bold.ttf; sourceTree = "<group>"; };
		F5C7ED2D28029FAE00134409 /* biko_bold.otf */ = {isa = PBXFileReference; lastKnownFileType = file; path = biko_bold.otf; sourceTree = "<group>"; };
/* End PBXFileReference section */

/* Begin PBXFrameworksBuildPhase section */
		8827388927FEAF4800423E14 /* Frameworks */ = {
			isa = PBXFrameworksBuildPhase;
			buildActionMask = 2147483647;
			files = (
			);
			runOnlyForDeploymentPostprocessing = 0;
		};
/* End PBXFrameworksBuildPhase section */

/* Begin PBXGroup section */
		8827388327FEAF4800423E14 = {
			isa = PBXGroup;
			children = (
				8827388E27FEAF4800423E14 /* VirtualLearnApp */,
				8827388D27FEAF4800423E14 /* Products */,
			);
			sourceTree = "<group>";
		};
		8827388D27FEAF4800423E14 /* Products */ = {
			isa = PBXGroup;
			children = (
				8827388C27FEAF4800423E14 /* VirtualLearnApp.app */,
			);
			name = Products;
			sourceTree = "<group>";
		};
		8827388E27FEAF4800423E14 /* VirtualLearnApp */ = {
			isa = PBXGroup;
			children = (
				8B629AE52816411300873A36 /* Logout */,
				8BBF3CF92815919400B5546B /* JoinCourse */,
				8870D4B8281053D100367A83 /* Categories */,
				8B46939C2809326200B0CFB8 /* OngoingAndCompleted */,
				BA19006D280D268100ED8624 /* TestModule */,
				8B67F07B280591A40056CBD0 /* Notifications */,
				8B67F07A280591750056CBD0 /* Settings */,
				8B67F079280591580056CBD0 /* Profile */,
				8B67F0782805911D0056CBD0 /* Register */,
				8B67F077280590FB0056CBD0 /* Login */,
				8B67F076280590630056CBD0 /* Storyboards */,
				F55383702808904E00A32D52 /* OverviewScreen */,
				F57499D62803FFDA00695C3B /* HomeScreen */,
				F57499C9280310ED00695C3B /* Extentions */,
				F5C7ED2528029F9100134409 /* Fonts */,
				8BEC30B02801867300F7AD86 /* Api */,
				8827388F27FEAF4800423E14 /* AppDelegate.swift */,
				8827389127FEAF4800423E14 /* SceneDelegate.swift */,
				8827389327FEAF4800423E14 /* OnboardingViewController.swift */,
				8827389827FEAF4900423E14 /* Assets.xcassets */,
				8827389D27FEAF4900423E14 /* Info.plist */,
				F5C3166B27FF268F00F30001 /* Unfinished */,
				F5C3166E2800064700F30001 /* CustomClasses */,
			);
			path = VirtualLearnApp;
			sourceTree = "<group>";
		};
		8870D4B8281053D100367A83 /* Categories */ = {
			isa = PBXGroup;
			children = (
				8870D4B92810544000367A83 /* Categories.storyboard */,
				8870D4BC281054B300367A83 /* CategoriesViewController.swift */,
				889F971C281113D100645B71 /* CategoriesCollectionViewCell.swift */,
				88302356281124B9009C3F8A /* ChoiceYourCourseViewController.swift */,
				88A257CA281131A400CBFF40 /* ChoiceCourseCategoryCollectionViewCell.swift */,
				88A257CD281131C800CBFF40 /* ChoiceCourseAllCourseTableViewCell.swift */,
				882939102811677000B54A60 /* EachCourseViewController.swift */,
				882939132811754600B54A60 /* SubCategoryCollectionViewCell.swift */,
				88293916281176FA00B54A60 /* CoursesCollectionViewCell.swift */,
			);
			path = Categories;
			sourceTree = "<group>";
		};
		8B46939C2809326200B0CFB8 /* OngoingAndCompleted */ = {
			isa = PBXGroup;
			children = (
				8B46939D2809329100B0CFB8 /* OngoingAndCompletedViewController.swift */,
				8B6DD70C280DA7DF00175F2A /* OngoingViewController.swift */,
				8B6DD70F280DA7F600175F2A /* OngoingTableViewCell.swift */,
				8B1377AB280DACCA007C72DB /* CompletedViewController.swift */,
				8B1377AE280DACE5007C72DB /* CompletedTableViewCell.swift */,
				8B77F264281118F700DF8EC3 /* EmptyCourseViewController.swift */,
			);
			path = OngoingAndCompleted;
			sourceTree = "<group>";
		};
		8B629AE52816411300873A36 /* Logout */ = {
			isa = PBXGroup;
			children = (
				8B629AE228163DBB00873A36 /* Logout.swift */,
			);
			path = Logout;
			sourceTree = "<group>";
		};
		8B67F076280590630056CBD0 /* Storyboards */ = {
			isa = PBXGroup;
			children = (
				8827389A27FEAF4900423E14 /* LaunchScreen.storyboard */,
				8827389527FEAF4800423E14 /* Main.storyboard */,
				88A17E2527FEEA1800CD1328 /* Login.storyboard */,
				BADB09C227FF49BA00FD5CD6 /* NewAccount.storyboard */,
				F5C3166C27FFEE4400F30001 /* RegisterPart2.storyboard */,
				8B2531D82803FC3D00256714 /* Profile.storyboard */,
				BA4AC10527FEB74D00A2AD4C /* Settings.storyboard */,
				BAB1B678280477D30020F6CE /* Notifications.storyboard */,
				8B4693982809322F00B0CFB8 /* MyCourses.storyboard */,
			);
			path = Storyboards;
			sourceTree = "<group>";
		};
		8B67F077280590FB0056CBD0 /* Login */ = {
			isa = PBXGroup;
			children = (
				88A17E2C27FEEC1200CD1328 /* WelcomeViewController.swift */,
				8842ADB628007EB3009C7F3D /* WelcomeBackViewController.swift */,
			);
			path = Login;
			sourceTree = "<group>";
		};
		8B67F0782805911D0056CBD0 /* Register */ = {
			isa = PBXGroup;
			children = (
				BA657B442800483100A334B3 /* NewAccountViewController.swift */,
				BAB1B6472803CB050020F6CE /* OTPVerifyViewController.swift */,
				88C620BC28042963009DF70C /* PersonalDetailsViewController.swift */,
				881A9EE82805CAE700384AC1 /* RegisterSuccessViewController.swift */,
			);
			path = Register;
			sourceTree = "<group>";
		};
		8B67F079280591580056CBD0 /* Profile */ = {
			isa = PBXGroup;
			children = (
				8B2531DA2803FEF100256714 /* ProfileViewController.swift */,
				8B2531DC2804102100256714 /* CoursesDetailsCollectionViewCell.swift */,
				8B67F074280519080056CBD0 /* EditProfileViewController.swift */,
				8842ADB928007EC8009C7F3D /* CreateNewPasswordViewController.swift */,
				8BA75C4A280FDF69003CF45F /* ChangePasswordViewController.swift */,
			);
			path = Profile;
			sourceTree = "<group>";
		};
		8B67F07A280591750056CBD0 /* Settings */ = {
			isa = PBXGroup;
			children = (
				BA4AC10827FEB8A600A2AD4C /* SettingViewController.swift */,
				BAB1B67328043E270020F6CE /* SettingsContainerView.swift */,
			);
			path = Settings;
			sourceTree = "<group>";
		};
		8B67F07B280591A40056CBD0 /* Notifications */ = {
			isa = PBXGroup;
			children = (
				BA3D7B4028053A4E0092EDE1 /* NotificationsViewController.swift */,
				BA3D7B4328053A8B0092EDE1 /* NotificationCell.swift */,
			);
			path = Notifications;
			sourceTree = "<group>";
		};
		8BBF3CF92815919400B5546B /* JoinCourse */ = {
			isa = PBXGroup;
			children = (
				8BBF3CFE281591E900B5546B /* JoinCourseNetworkManager.swift */,
				8BBF3D012815993D00B5546B /* JoinCourseViewModel.swift */,
			);
			path = JoinCourse;
			sourceTree = "<group>";
		};
		8BEC30B02801867300F7AD86 /* Api */ = {
			isa = PBXGroup;
			children = (
				8BEC30B12801869B00F7AD86 /* URL+Extension.swift */,
				88560C1C280190D500094EB1 /* URLRequest+Extension.swift */,
				8B7963AF280E7FE100B9BA5A /* ApiImage.swift */,
				8BEC30B7280186E000F7AD86 /* RegisterViewModel.swift */,
				8857BB35280FC20A00757726 /* ForgotPasswordNetworkManager.swift */,
				8BEC30B3280186BB00F7AD86 /* LoginRegisterNetworkManager.swift */,
				8BEC30B5280186CF00F7AD86 /* LoginViewModel.swift */,
				8B730B1C28067E4300D17EF2 /* ProfileDataModel.swift */,
				8B730B1E28068BBD00D17EF2 /* ProfileViewModel.swift */,
				8B730B20280691FA00D17EF2 /* ProfileNetworkManager.swift */,
				8B4693A228094FD900B0CFB8 /* MyCoursesDataModel.swift */,
				8B4693A6280952DD00B0CFB8 /* MyCoursesViewModel.swift */,
				8B6DBFBD280976F20064677C /* MyCoursesNetworkManager.swift */,
				8BA75C42280FDAE8003CF45F /* ChangePasswordNetworkManager.swift */,
				8BA75C47280FDE66003CF45F /* ChangePasswordViewModel.swift */,
			);
			path = Api;
			sourceTree = "<group>";
		};
		BA19006D280D268100ED8624 /* TestModule */ = {
			isa = PBXGroup;
			children = (
				BA19006E280D27A300ED8624 /* TestModule.storyboard */,
				BAB80CBC280ED89800EADB24 /* TestModuleViewController.swift */,
				BAB80CBF280ED8B500EADB24 /* TestModuleContainerView.swift */,
			);
			path = TestModule;
			sourceTree = "<group>";
		};
		F55383702808904E00A32D52 /* OverviewScreen */ = {
			isa = PBXGroup;
			children = (
				F55383712808907F00A32D52 /* Overview.storyboard */,
				F5315C50280E9D4800C81290 /* OverviewScreenController.swift */,
				F5048C6428101C6900DBCFC9 /* ChaptersViewController.swift */,
				F5048C6728101C9A00DBCFC9 /* MasterOverviewChapterViewController.swift */,
				F5273862281122F7004D25CF /* ChapterCourseTableViewCell.swift */,
				8B4DFF2C2813CE8E0034C34C /* OverviewDataModel.swift */,
				8B4DFF2F2813D1640034C34C /* OverviewNetworkManager.swift */,
				8B6D529B2813D3DD00DAA870 /* OverviewViewModel.swift */,
				8B08596E2815128B007BEF53 /* ChapterDataModel.swift */,
				8B08597128151348007BEF53 /* SubChaptersDataModel.swift */,
				8B0859742815146A007BEF53 /* ChaptersViewModel.swift */,
				F52738732812FF74004D25CF /* OverviewCourseTableViewCell.swift */,
				F52738762812FF96004D25CF /* OverviewLearnTableViewCell.swift */,
				F52738792812FFAD004D25CF /* OverViewRequirementsTableViewCell.swift */,
			);
			path = OverviewScreen;
			sourceTree = "<group>";
		};
		F57499C9280310ED00695C3B /* Extentions */ = {
			isa = PBXGroup;
			children = (
				F57499CA2803111500695C3B /* UIFont+Extention.swift */,
				F57499CC2803115600695C3B /* UIColor+Extention.swift */,
				F57499D02803EA5C00695C3B /* NSAttributedString+Extention.swift */,
				F57499ED280564F700695C3B /* UIImage+Extention.swift */,
				F52738822813C3AD004D25CF /* UIButton+Extention.swift */,
				F527388728140D11004D25CF /* UIViewController+Extention.swift */,
			);
			path = Extentions;
			sourceTree = "<group>";
		};
		F57499D62803FFDA00695C3B /* HomeScreen */ = {
			isa = PBXGroup;
			children = (
				F57499E1280443FF00695C3B /* HomeScreen.storyboard */,
				F57499EB280560A600695C3B /* HomeScreenViewController.swift */,
				F57499E72804585600695C3B /* HomeScreenCollectionViewCell.swift */,
				F57499E92804587C00695C3B /* HomeScreenTableViewCell.swift */,
				F553836A28081F0000A32D52 /* HomeNetworkManager.swift */,
				F553836C28082E0100A32D52 /* HomeViewModel.swift */,
				F553836E280837B800A32D52 /* HomeModel.swift */,
			);
			path = HomeScreen;
			sourceTree = "<group>";
		};
		F5C3166B27FF268F00F30001 /* Unfinished */ = {
			isa = PBXGroup;
			children = (
				F5C3166727FEBD4A00F30001 /* SearchViewController.swift */,
				F5C3166527FEBCDA00F30001 /* SearchStoryboard.storyboard */,
				880823F3280A82A200152B3A /* SearchViewModel.swift */,
				880823F6280A82B800152B3A /* SearchNetworkManager.swift */,
				88F9F140280B1558003A7FF9 /* SearchResultTableViewCell.swift */,
				880823F0280A828700152B3A /* SearchCourseDataModel.swift */,
			);
			path = Unfinished;
			sourceTree = "<group>";
		};
		F5C3166E2800064700F30001 /* CustomClasses */ = {
			isa = PBXGroup;
			children = (
				F5C3166F2800067D00F30001 /* CustomLabels.swift */,
				F5C316712800069C00F30001 /* CustomTextFeilds.swift */,
				F5C31673280006B100F30001 /* CustomViews.swift */,
				88A17E3027FEF91E00CD1328 /* CustomButtons.swift */,
				BAB1B685280492D20020F6CE /* CustomImageView.swift */,
			);
			path = CustomClasses;
			sourceTree = "<group>";
		};
		F5C7ED2528029F9100134409 /* Fonts */ = {
			isa = PBXGroup;
			children = (
				F5C7ED2D28029FAE00134409 /* biko_bold.otf */,
				F5C7ED2C28029FAE00134409 /* proxima_nova_bold.ttf */,
				F5048C5C280FEB6400DBCFC9 /* Biko_Regular.otf */,
				F5C7ED2A28029FAD00134409 /* proxima_nova_medium.ttf */,
				F57499CE28033EE200695C3B /* Proxima-Nova-Sbold.otf */,
				F5C7ED2B28029FAD00134409 /* proxima_nova_regular.otf */,
				F5C7ED2828029FAD00134409 /* proxima_nova_x_bold.otf */,
				F5C7ED2928029FAD00134409 /* proximanovaextrabold.otf */,
				F5C7ED2728029FAD00134409 /* system_san_francisco_display_regular.ttf */,
				F57499C42802A6D000695C3B /* AvenirLTStd-Roman.otf */,
			);
			path = Fonts;
			sourceTree = "<group>";
		};
/* End PBXGroup section */

/* Begin PBXNativeTarget section */
		8827388B27FEAF4800423E14 /* VirtualLearnApp */ = {
			isa = PBXNativeTarget;
			buildConfigurationList = 882738A027FEAF4900423E14 /* Build configuration list for PBXNativeTarget "VirtualLearnApp" */;
			buildPhases = (
				8827388827FEAF4800423E14 /* Sources */,
				8827388927FEAF4800423E14 /* Frameworks */,
				8827388A27FEAF4800423E14 /* Resources */,
			);
			buildRules = (
			);
			dependencies = (
			);
			name = VirtualLearnApp;
			productName = VirtualLearnApp;
			productReference = 8827388C27FEAF4800423E14 /* VirtualLearnApp.app */;
			productType = "com.apple.product-type.application";
		};
/* End PBXNativeTarget section */

/* Begin PBXProject section */
		8827388427FEAF4800423E14 /* Project object */ = {
			isa = PBXProject;
			attributes = {
				LastSwiftUpdateCheck = 1200;
				LastUpgradeCheck = 1200;
				TargetAttributes = {
					8827388B27FEAF4800423E14 = {
						CreatedOnToolsVersion = 12.0;
					};
				};
			};
			buildConfigurationList = 8827388727FEAF4800423E14 /* Build configuration list for PBXProject "VirtualLearnApp" */;
			compatibilityVersion = "Xcode 9.3";
			developmentRegion = en;
			hasScannedForEncodings = 0;
			knownRegions = (
				en,
				Base,
			);
			mainGroup = 8827388327FEAF4800423E14;
			productRefGroup = 8827388D27FEAF4800423E14 /* Products */;
			projectDirPath = "";
			projectRoot = "";
			targets = (
				8827388B27FEAF4800423E14 /* VirtualLearnApp */,
			);
		};
/* End PBXProject section */

/* Begin PBXResourcesBuildPhase section */
		8827388A27FEAF4800423E14 /* Resources */ = {
			isa = PBXResourcesBuildPhase;
			buildActionMask = 2147483647;
			files = (
				F55383722808907F00A32D52 /* Overview.storyboard in Resources */,
				BA19006F280D27A300ED8624 /* TestModule.storyboard in Resources */,
				F57499CF28033EE200695C3B /* Proxima-Nova-Sbold.otf in Resources */,
				8827389C27FEAF4900423E14 /* LaunchScreen.storyboard in Resources */,
				F5C7ED3328029FAE00134409 /* proxima_nova_regular.otf in Resources */,
				F57499C72802A6D000695C3B /* AvenirLTStd-Roman.otf in Resources */,
				F5C7ED2F28029FAE00134409 /* system_san_francisco_display_regular.ttf in Resources */,
				F5048C5D280FEB6400DBCFC9 /* Biko_Regular.otf in Resources */,
				F5C7ED3028029FAE00134409 /* proxima_nova_x_bold.otf in Resources */,
				BADB09C327FF49BA00FD5CD6 /* NewAccount.storyboard in Resources */,
				F5C7ED3128029FAE00134409 /* proximanovaextrabold.otf in Resources */,
				8870D4BA2810544000367A83 /* Categories.storyboard in Resources */,
				F5C3166627FEBCDA00F30001 /* SearchStoryboard.storyboard in Resources */,
				88A17E2627FEEA1800CD1328 /* Login.storyboard in Resources */,
				8B4693992809322F00B0CFB8 /* MyCourses.storyboard in Resources */,
				F5C7ED3528029FAE00134409 /* biko_bold.otf in Resources */,
				F5C7ED3228029FAE00134409 /* proxima_nova_medium.ttf in Resources */,
				8827389927FEAF4900423E14 /* Assets.xcassets in Resources */,
				F5C7ED3428029FAE00134409 /* proxima_nova_bold.ttf in Resources */,
				F5C3166D27FFEE4400F30001 /* RegisterPart2.storyboard in Resources */,
				8B2531D92803FC3D00256714 /* Profile.storyboard in Resources */,
				BAB1B679280477D30020F6CE /* Notifications.storyboard in Resources */,
				F57499E2280443FF00695C3B /* HomeScreen.storyboard in Resources */,
				8827389727FEAF4800423E14 /* Main.storyboard in Resources */,
				BA4AC10627FEB74D00A2AD4C /* Settings.storyboard in Resources */,
			);
			runOnlyForDeploymentPostprocessing = 0;
		};
/* End PBXResourcesBuildPhase section */

/* Begin PBXSourcesBuildPhase section */
		8827388827FEAF4800423E14 /* Sources */ = {
			isa = PBXSourcesBuildPhase;
			buildActionMask = 2147483647;
			files = (
				F5048C6528101C6900DBCFC9 /* ChaptersViewController.swift in Sources */,
				88A257CE281131C800CBFF40 /* ChoiceCourseAllCourseTableViewCell.swift in Sources */,
				88A17E2D27FEEC1200CD1328 /* WelcomeViewController.swift in Sources */,
				8B6DD710280DA7F600175F2A /* OngoingTableViewCell.swift in Sources */,
				BAB1B686280492D20020F6CE /* CustomImageView.swift in Sources */,
				881A9EE92805CAE700384AC1 /* RegisterSuccessViewController.swift in Sources */,
				8B730B21280691FA00D17EF2 /* ProfileNetworkManager.swift in Sources */,
				8B629AE328163DBB00873A36 /* Logout.swift in Sources */,
				F5C3166827FEBD4A00F30001 /* SearchViewController.swift in Sources */,
				8B2531DD2804102100256714 /* CoursesDetailsCollectionViewCell.swift in Sources */,
				BA3D7B4428053A8B0092EDE1 /* NotificationCell.swift in Sources */,
				BA3D7B4128053A4E0092EDE1 /* NotificationsViewController.swift in Sources */,
				F52738832813C3AD004D25CF /* UIButton+Extention.swift in Sources */,
				8BEC30B8280186E000F7AD86 /* RegisterViewModel.swift in Sources */,
				8B4DFF2D2813CE8E0034C34C /* OverviewDataModel.swift in Sources */,
				F52738742812FF74004D25CF /* OverviewCourseTableViewCell.swift in Sources */,
				8BEC30B6280186CF00F7AD86 /* LoginViewModel.swift in Sources */,
				8B46939E2809329100B0CFB8 /* OngoingAndCompletedViewController.swift in Sources */,
				8B6D529C2813D3DD00DAA870 /* OverviewViewModel.swift in Sources */,
				8842ADB728007EB3009C7F3D /* WelcomeBackViewController.swift in Sources */,
				8B1377AF280DACE5007C72DB /* CompletedTableViewCell.swift in Sources */,
				88A17E3127FEF91E00CD1328 /* CustomButtons.swift in Sources */,
				F57499CB2803111500695C3B /* UIFont+Extention.swift in Sources */,
				880823F1280A828700152B3A /* SearchCourseDataModel.swift in Sources */,
				F57499E82804585600695C3B /* HomeScreenCollectionViewCell.swift in Sources */,
				8B08597228151348007BEF53 /* SubChaptersDataModel.swift in Sources */,
				BAB1B6482803CB050020F6CE /* OTPVerifyViewController.swift in Sources */,
				F52738772812FF96004D25CF /* OverviewLearnTableViewCell.swift in Sources */,
				8BA75C48280FDE66003CF45F /* ChangePasswordViewModel.swift in Sources */,
				8842ADBA28007EC8009C7F3D /* CreateNewPasswordViewController.swift in Sources */,
				882939142811754600B54A60 /* SubCategoryCollectionViewCell.swift in Sources */,
				F527387A2812FFAD004D25CF /* OverViewRequirementsTableViewCell.swift in Sources */,
				8B6DD70D280DA7DF00175F2A /* OngoingViewController.swift in Sources */,
				8B4693A7280952DD00B0CFB8 /* MyCoursesViewModel.swift in Sources */,
				88560C1D280190D500094EB1 /* URLRequest+Extension.swift in Sources */,
				880823F7280A82B800152B3A /* SearchNetworkManager.swift in Sources */,
				F57499EA2804587C00695C3B /* HomeScreenTableViewCell.swift in Sources */,
				882939112811677000B54A60 /* EachCourseViewController.swift in Sources */,
				8BEC30B22801869B00F7AD86 /* URL+Extension.swift in Sources */,
				88F9F141280B1558003A7FF9 /* SearchResultTableViewCell.swift in Sources */,
				8BEC30B4280186BB00F7AD86 /* LoginRegisterNetworkManager.swift in Sources */,
				8B0859752815146A007BEF53 /* ChaptersViewModel.swift in Sources */,
				8B08596F2815128B007BEF53 /* ChapterDataModel.swift in Sources */,
				F5315C51280E9D4800C81290 /* OverviewScreenController.swift in Sources */,
				BAB80CC0280ED8B500EADB24 /* TestModuleContainerView.swift in Sources */,
				88293917281176FA00B54A60 /* CoursesCollectionViewCell.swift in Sources */,
				BAB80CBD280ED89800EADB24 /* TestModuleViewController.swift in Sources */,
				F5C316702800067D00F30001 /* CustomLabels.swift in Sources */,
				8BA75C4B280FDF69003CF45F /* ChangePasswordViewController.swift in Sources */,
				F553836D28082E0100A32D52 /* HomeViewModel.swift in Sources */,
				F57499CD2803115600695C3B /* UIColor+Extention.swift in Sources */,
				F57499EC280560A600695C3B /* HomeScreenViewController.swift in Sources */,
				8BA75C43280FDAE8003CF45F /* ChangePasswordNetworkManager.swift in Sources */,
				8827389427FEAF4800423E14 /* OnboardingViewController.swift in Sources */,
				8B2531DB2803FEF100256714 /* ProfileViewController.swift in Sources */,
				880823F4280A82A200152B3A /* SearchViewModel.swift in Sources */,
				88A257CB281131A400CBFF40 /* ChoiceCourseCategoryCollectionViewCell.swift in Sources */,
				F553836F280837B800A32D52 /* HomeModel.swift in Sources */,
				88302357281124B9009C3F8A /* ChoiceYourCourseViewController.swift in Sources */,
				BA657B452800483100A334B3 /* NewAccountViewController.swift in Sources */,
				8B730B1D28067E4300D17EF2 /* ProfileDataModel.swift in Sources */,
				F5273863281122F7004D25CF /* ChapterCourseTableViewCell.swift in Sources */,
				BAB1B67428043E270020F6CE /* SettingsContainerView.swift in Sources */,
				F5C31674280006B100F30001 /* CustomViews.swift in Sources */,
				8BBF3CFF281591E900B5546B /* JoinCourseNetworkManager.swift in Sources */,
				8B1377AC280DACCA007C72DB /* CompletedViewController.swift in Sources */,
				88C620BD28042963009DF70C /* PersonalDetailsViewController.swift in Sources */,
				8827389027FEAF4800423E14 /* AppDelegate.swift in Sources */,
				8B4693A328094FD900B0CFB8 /* MyCoursesDataModel.swift in Sources */,
				8B4DFF302813D1640034C34C /* OverviewNetworkManager.swift in Sources */,
				8BBF3D022815993D00B5546B /* JoinCourseViewModel.swift in Sources */,
				8827389227FEAF4800423E14 /* SceneDelegate.swift in Sources */,
				8B730B1F28068BBD00D17EF2 /* ProfileViewModel.swift in Sources */,
				F527388828140D11004D25CF /* UIViewController+Extention.swift in Sources */,
				F5048C6828101C9A00DBCFC9 /* MasterOverviewChapterViewController.swift in Sources */,
				F57499D12803EA5C00695C3B /* NSAttributedString+Extention.swift in Sources */,
				8857BB36280FC20A00757726 /* ForgotPasswordNetworkManager.swift in Sources */,
				8B77F265281118F700DF8EC3 /* EmptyCourseViewController.swift in Sources */,
				F5C316722800069C00F30001 /* CustomTextFeilds.swift in Sources */,
				8B7963B0280E7FE100B9BA5A /* ApiImage.swift in Sources */,
				8870D4BD281054B300367A83 /* CategoriesViewController.swift in Sources */,
				889F971D281113D100645B71 /* CategoriesCollectionViewCell.swift in Sources */,
				8B67F075280519080056CBD0 /* EditProfileViewController.swift in Sources */,
				8B6DBFBE280976F20064677C /* MyCoursesNetworkManager.swift in Sources */,
				BA4AC10927FEB8A600A2AD4C /* SettingViewController.swift in Sources */,
				F57499EE280564F700695C3B /* UIImage+Extention.swift in Sources */,
				F553836B28081F0000A32D52 /* HomeNetworkManager.swift in Sources */,
			);
			runOnlyForDeploymentPostprocessing = 0;
		};
/* End PBXSourcesBuildPhase section */

/* Begin PBXVariantGroup section */
		8827389527FEAF4800423E14 /* Main.storyboard */ = {
			isa = PBXVariantGroup;
			children = (
				8827389627FEAF4800423E14 /* Base */,
			);
			name = Main.storyboard;
			sourceTree = "<group>";
		};
		8827389A27FEAF4900423E14 /* LaunchScreen.storyboard */ = {
			isa = PBXVariantGroup;
			children = (
				8827389B27FEAF4900423E14 /* Base */,
			);
			name = LaunchScreen.storyboard;
			sourceTree = "<group>";
		};
/* End PBXVariantGroup section */

/* Begin XCBuildConfiguration section */
		8827389E27FEAF4900423E14 /* Debug */ = {
			isa = XCBuildConfiguration;
			buildSettings = {
				ALWAYS_SEARCH_USER_PATHS = NO;
				CLANG_ANALYZER_NONNULL = YES;
				CLANG_ANALYZER_NUMBER_OBJECT_CONVERSION = YES_AGGRESSIVE;
				CLANG_CXX_LANGUAGE_STANDARD = "gnu++14";
				CLANG_CXX_LIBRARY = "libc++";
				CLANG_ENABLE_MODULES = YES;
				CLANG_ENABLE_OBJC_ARC = YES;
				CLANG_ENABLE_OBJC_WEAK = YES;
				CLANG_WARN_BLOCK_CAPTURE_AUTORELEASING = YES;
				CLANG_WARN_BOOL_CONVERSION = YES;
				CLANG_WARN_COMMA = YES;
				CLANG_WARN_CONSTANT_CONVERSION = YES;
				CLANG_WARN_DEPRECATED_OBJC_IMPLEMENTATIONS = YES;
				CLANG_WARN_DIRECT_OBJC_ISA_USAGE = YES_ERROR;
				CLANG_WARN_DOCUMENTATION_COMMENTS = YES;
				CLANG_WARN_EMPTY_BODY = YES;
				CLANG_WARN_ENUM_CONVERSION = YES;
				CLANG_WARN_INFINITE_RECURSION = YES;
				CLANG_WARN_INT_CONVERSION = YES;
				CLANG_WARN_NON_LITERAL_NULL_CONVERSION = YES;
				CLANG_WARN_OBJC_IMPLICIT_RETAIN_SELF = YES;
				CLANG_WARN_OBJC_LITERAL_CONVERSION = YES;
				CLANG_WARN_OBJC_ROOT_CLASS = YES_ERROR;
				CLANG_WARN_QUOTED_INCLUDE_IN_FRAMEWORK_HEADER = YES;
				CLANG_WARN_RANGE_LOOP_ANALYSIS = YES;
				CLANG_WARN_STRICT_PROTOTYPES = YES;
				CLANG_WARN_SUSPICIOUS_MOVE = YES;
				CLANG_WARN_UNGUARDED_AVAILABILITY = YES_AGGRESSIVE;
				CLANG_WARN_UNREACHABLE_CODE = YES;
				CLANG_WARN__DUPLICATE_METHOD_MATCH = YES;
				COPY_PHASE_STRIP = NO;
				DEBUG_INFORMATION_FORMAT = dwarf;
				ENABLE_STRICT_OBJC_MSGSEND = YES;
				ENABLE_TESTABILITY = YES;
				GCC_C_LANGUAGE_STANDARD = gnu11;
				GCC_DYNAMIC_NO_PIC = NO;
				GCC_NO_COMMON_BLOCKS = YES;
				GCC_OPTIMIZATION_LEVEL = 0;
				GCC_PREPROCESSOR_DEFINITIONS = (
					"DEBUG=1",
					"$(inherited)",
				);
				GCC_WARN_64_TO_32_BIT_CONVERSION = YES;
				GCC_WARN_ABOUT_RETURN_TYPE = YES_ERROR;
				GCC_WARN_UNDECLARED_SELECTOR = YES;
				GCC_WARN_UNINITIALIZED_AUTOS = YES_AGGRESSIVE;
				GCC_WARN_UNUSED_FUNCTION = YES;
				GCC_WARN_UNUSED_VARIABLE = YES;
				IPHONEOS_DEPLOYMENT_TARGET = 14.0;
				MTL_ENABLE_DEBUG_INFO = INCLUDE_SOURCE;
				MTL_FAST_MATH = YES;
				ONLY_ACTIVE_ARCH = YES;
				SDKROOT = iphoneos;
				SWIFT_ACTIVE_COMPILATION_CONDITIONS = DEBUG;
				SWIFT_OPTIMIZATION_LEVEL = "-Onone";
			};
			name = Debug;
		};
		8827389F27FEAF4900423E14 /* Release */ = {
			isa = XCBuildConfiguration;
			buildSettings = {
				ALWAYS_SEARCH_USER_PATHS = NO;
				CLANG_ANALYZER_NONNULL = YES;
				CLANG_ANALYZER_NUMBER_OBJECT_CONVERSION = YES_AGGRESSIVE;
				CLANG_CXX_LANGUAGE_STANDARD = "gnu++14";
				CLANG_CXX_LIBRARY = "libc++";
				CLANG_ENABLE_MODULES = YES;
				CLANG_ENABLE_OBJC_ARC = YES;
				CLANG_ENABLE_OBJC_WEAK = YES;
				CLANG_WARN_BLOCK_CAPTURE_AUTORELEASING = YES;
				CLANG_WARN_BOOL_CONVERSION = YES;
				CLANG_WARN_COMMA = YES;
				CLANG_WARN_CONSTANT_CONVERSION = YES;
				CLANG_WARN_DEPRECATED_OBJC_IMPLEMENTATIONS = YES;
				CLANG_WARN_DIRECT_OBJC_ISA_USAGE = YES_ERROR;
				CLANG_WARN_DOCUMENTATION_COMMENTS = YES;
				CLANG_WARN_EMPTY_BODY = YES;
				CLANG_WARN_ENUM_CONVERSION = YES;
				CLANG_WARN_INFINITE_RECURSION = YES;
				CLANG_WARN_INT_CONVERSION = YES;
				CLANG_WARN_NON_LITERAL_NULL_CONVERSION = YES;
				CLANG_WARN_OBJC_IMPLICIT_RETAIN_SELF = YES;
				CLANG_WARN_OBJC_LITERAL_CONVERSION = YES;
				CLANG_WARN_OBJC_ROOT_CLASS = YES_ERROR;
				CLANG_WARN_QUOTED_INCLUDE_IN_FRAMEWORK_HEADER = YES;
				CLANG_WARN_RANGE_LOOP_ANALYSIS = YES;
				CLANG_WARN_STRICT_PROTOTYPES = YES;
				CLANG_WARN_SUSPICIOUS_MOVE = YES;
				CLANG_WARN_UNGUARDED_AVAILABILITY = YES_AGGRESSIVE;
				CLANG_WARN_UNREACHABLE_CODE = YES;
				CLANG_WARN__DUPLICATE_METHOD_MATCH = YES;
				COPY_PHASE_STRIP = NO;
				DEBUG_INFORMATION_FORMAT = "dwarf-with-dsym";
				ENABLE_NS_ASSERTIONS = NO;
				ENABLE_STRICT_OBJC_MSGSEND = YES;
				GCC_C_LANGUAGE_STANDARD = gnu11;
				GCC_NO_COMMON_BLOCKS = YES;
				GCC_WARN_64_TO_32_BIT_CONVERSION = YES;
				GCC_WARN_ABOUT_RETURN_TYPE = YES_ERROR;
				GCC_WARN_UNDECLARED_SELECTOR = YES;
				GCC_WARN_UNINITIALIZED_AUTOS = YES_AGGRESSIVE;
				GCC_WARN_UNUSED_FUNCTION = YES;
				GCC_WARN_UNUSED_VARIABLE = YES;
				IPHONEOS_DEPLOYMENT_TARGET = 14.0;
				MTL_ENABLE_DEBUG_INFO = NO;
				MTL_FAST_MATH = YES;
				SDKROOT = iphoneos;
				SWIFT_COMPILATION_MODE = wholemodule;
				SWIFT_OPTIMIZATION_LEVEL = "-O";
				VALIDATE_PRODUCT = YES;
			};
			name = Release;
		};
		882738A127FEAF4900423E14 /* Debug */ = {
			isa = XCBuildConfiguration;
			buildSettings = {
				ASSETCATALOG_COMPILER_APPICON_NAME = AppIcon;
				ASSETCATALOG_COMPILER_GLOBAL_ACCENT_COLOR_NAME = AccentColor;
				CODE_SIGN_STYLE = Automatic;
				INFOPLIST_FILE = VirtualLearnApp/Info.plist;
				LD_RUNPATH_SEARCH_PATHS = (
					"$(inherited)",
					"@executable_path/Frameworks",
				);
				PRODUCT_BUNDLE_IDENTIFIER = com.robosoftin.VirtualLearnApp;
				PRODUCT_NAME = "$(TARGET_NAME)";
				SWIFT_VERSION = 5.0;
				TARGETED_DEVICE_FAMILY = "1,2";
			};
			name = Debug;
		};
		882738A227FEAF4900423E14 /* Release */ = {
			isa = XCBuildConfiguration;
			buildSettings = {
				ASSETCATALOG_COMPILER_APPICON_NAME = AppIcon;
				ASSETCATALOG_COMPILER_GLOBAL_ACCENT_COLOR_NAME = AccentColor;
				CODE_SIGN_STYLE = Automatic;
				INFOPLIST_FILE = VirtualLearnApp/Info.plist;
				LD_RUNPATH_SEARCH_PATHS = (
					"$(inherited)",
					"@executable_path/Frameworks",
				);
				PRODUCT_BUNDLE_IDENTIFIER = com.robosoftin.VirtualLearnApp;
				PRODUCT_NAME = "$(TARGET_NAME)";
				SWIFT_VERSION = 5.0;
				TARGETED_DEVICE_FAMILY = "1,2";
			};
			name = Release;
		};
/* End XCBuildConfiguration section */

/* Begin XCConfigurationList section */
		8827388727FEAF4800423E14 /* Build configuration list for PBXProject "VirtualLearnApp" */ = {
			isa = XCConfigurationList;
			buildConfigurations = (
				8827389E27FEAF4900423E14 /* Debug */,
				8827389F27FEAF4900423E14 /* Release */,
			);
			defaultConfigurationIsVisible = 0;
			defaultConfigurationName = Release;
		};
		882738A027FEAF4900423E14 /* Build configuration list for PBXNativeTarget "VirtualLearnApp" */ = {
			isa = XCConfigurationList;
			buildConfigurations = (
				882738A127FEAF4900423E14 /* Debug */,
				882738A227FEAF4900423E14 /* Release */,
			);
			defaultConfigurationIsVisible = 0;
			defaultConfigurationName = Release;
		};
/* End XCConfigurationList section */
	};
	rootObject = 8827388427FEAF4800423E14 /* Project object */;
}
